
Microsoft Visual Studio Solution File, Format Version 12.00
# Visual Studio 14
VisualStudioVersion = 14.0.25123.0
MinimumVisualStudioVersion = 10.0.40219.1
Project("{FAE04EC0-301F-11D3-BF4B-00C04F79EFBC}") = "uLibraries.BasicClasses_NET45", "uLibraries.BasicClases\uLibraries.BasicClasses_NET45.csproj", "{A6BFEABA-CDD3-49E4-B7F4-BAB5DB4E6687}"
EndProject
Project("{FAE04EC0-301F-11D3-BF4B-00C04F79EFBC}") = "uDCS.GPSLibrary_NET45", "uDCS.GPSLibrary\uDCS.GPSLibrary_NET45.csproj", "{B447E8A1-38A8-4D86-A829-503F69045A78}"
EndProject
Project("{FAE04EC0-301F-11D3-BF4B-00C04F79EFBC}") = "uLibraries.DatabaseServices_NET45", "uLibraries.DatabaseServices\uLibraries.DatabaseServices_NET45.csproj", "{AB91BFD1-5063-4569-93DE-556AA7B94041}"
EndProject
Project("{2150E333-8FDC-42A3-9474-1A3956D46DE8}") = "WPF", "WPF", "{7D1064B0-B34C-4A1D-B458-13A964735FD3}"
EndProject
Project("{2150E333-8FDC-42A3-9474-1A3956D46DE8}") = "ASP.NET", "ASP.NET", "{2EDA37FA-8291-4E11-B17E-A3628ABDEC9F}"
EndProject
Project("{2150E333-8FDC-42A3-9474-1A3956D46DE8}") = "Android", "Android", "{71803846-FCAF-46F2-B639-466DC2E19CFF}"
EndProject
Project("{FAE04EC0-301F-11D3-BF4B-00C04F79EFBC}") = "uDCS.DEEngine_NET45", "uDCS.DEEngine\uDCS.DEEngine_NET45.csproj", "{D044CDB2-E5D1-43AB-95C8-F58F00AA9437}"
EndProject
Project("{FAE04EC0-301F-11D3-BF4B-00C04F79EFBC}") = "uDCS.WpfDESEngine_NET45", "uDCS.WpfDESEngine\uDCS.WpfDESEngine_NET45.csproj", "{FE2DEA35-03A4-4468-B552-7C60391A78CF}"
EndProject
Project("{F184B08F-C81C-45F6-A57F-5ABD9991F28F}") = "WebcamControl", "WebcamControl\WebcamControl.vbproj", "{72108E55-77EC-4C0C-9B6F-A5D882726A6B}"
EndProject
Project("{FAE04EC0-301F-11D3-BF4B-00C04F79EFBC}") = "uDCS.WpfDESUtilities_NET45", "uDCS.WpfDESUtilities\uDCS.WpfDESUtilities_NET45.csproj", "{338936C1-7646-4CCD-9CC5-A15545750C6F}"
EndProject
Project("{FAE04EC0-301F-11D3-BF4B-00C04F79EFBC}") = "uDCS.DXWpfDESMultimedia_NET45", "uDCS.DXWpfDESMultimedia\uDCS.DXWpfDESMultimedia_NET45.csproj", "{8895C881-C375-47B7-9570-41AF139E3A8D}"
EndProject
Project("{6141683F-8A12-4E36-9623-2EB02B2C2303}") = "uDCS.DXWpfDESMultimedia-Setup", "uDCS.DXWpfDESMultimedia-Setup\uDCS.DXWpfDESMultimedia-Setup.isproj", "{C0A7AC57-550E-4492-B24B-446434EE652D}"
EndProject
Project("{FAE04EC0-301F-11D3-BF4B-00C04F79EFBC}") = "uDCS.DESEngine_AND41", "uDCS.DEEngine\uDCS.DESEngine_AND41.csproj", "{E4477684-01B9-49C2-9963-D27CFE083D5F}"
EndProject
Project("{FAE04EC0-301F-11D3-BF4B-00C04F79EFBC}") = "uLibraries.BasicClasses_AND41", "uLibraries.BasicClases\uLibraries.BasicClasses_AND41.csproj", "{F7BA4250-D2B9-4758-8107-290ED59DC7CE}"
EndProject
Project("{FAE04EC0-301F-11D3-BF4B-00C04F79EFBC}") = "uLibraries.DatabaseServices_AND41", "uLibraries.DatabaseServices\uLibraries.DatabaseServices_AND41.csproj", "{B513F31A-B266-4E9E-8CC6-B04E90F0D1C7}"
EndProject
Project("{FAE04EC0-301F-11D3-BF4B-00C04F79EFBC}") = "uDCS.GPSLibrary_AND41", "uDCS.GPSLibrary\uDCS.GPSLibrary_AND41.csproj", "{46D7061C-1FFD-46A4-BDFF-33B52586CC48}"
EndProject
Project("{FAE04EC0-301F-11D3-BF4B-00C04F79EFBC}") = "uDCS.AndroidDESEngine_AND41", "uDCS.AndroidDESEngine\uDCS.AndroidDESEngine_AND41.csproj", "{931AEBEF-1B00-455A-B6B4-678EFD0987D5}"
EndProject
Project("{FAE04EC0-301F-11D3-BF4B-00C04F79EFBC}") = "uDCS.AndroidDESMultimedia_AND41", "uDCS.AndroidDESMultimedia\uDCS.AndroidDESMultimedia_AND41.csproj", "{5AEEFCB8-FEE1-40F7-9DE2-94CAEC407A81}"
EndProject
Project("{FAE04EC0-301F-11D3-BF4B-00C04F79EFBC}") = "uDCS.WebDESEngine_NET45", "uDCS.WebDESEngine\uDCS.WebDESEngine_NET45.csproj", "{3CF9E949-AA51-4DE4-8B8E-ADEDD37B4820}"
EndProject
Project("{FAE04EC0-301F-11D3-BF4B-00C04F79EFBC}") = "uDCS.WebDESUtilities_NET45", "uDCS.WebDESUtilities\uDCS.WebDESUtilities_NET45.csproj", "{C03B5DD4-B23A-4680-B71C-7539430BACC9}"
EndProject
Project("{E24C65DC-7377-472B-9ABA-BC803B73C61A}") = "uDCS.uDESCentral", "uDCS.uDESCentral", "{3A42C4EE-FDAA-447B-A307-436E898E0449}"
	ProjectSection(WebsiteProperties) = preProject
		SccProjectName = "SAK"
		SccAuxPath = "SAK"
		SccLocalPath = "SAK"
		SccProvider = "SAK"
		TargetFrameworkMoniker = ".NETFramework,Version%3Dv4.0"
		ProjectReferences = "{d044cdb2-e5d1-43ab-95c8-f58f00aa9437}|uDCS.DEEngine_NET45.dll;{B447E8A1-38A8-4D86-A829-503F69045A78}|uDCS.GPSLibrary_NET45.dll;{A6BFEABA-CDD3-49E4-B7F4-BAB5DB4E6687}|uLibraries.BasicClasses_NET45.dll;{AB91BFD1-5063-4569-93DE-556AA7B94041}|uLibraries.DatabaseServices_NET45.dll;{3cf9e949-aa51-4de4-8b8e-adedd37b4820}|uDCS.WebDESEngine_NET45.dll;{c03b5dd4-b23a-4680-b71c-7539430bacc9}|uDCS.WebDESUtilities_NET45.dll;{bb0ffc0f-4fdb-4eba-be7a-407ac64b715e}|uDCS.REPEngine_NET45.dll;{a0c49b8b-b1c1-411d-acd5-7fb0733c08e2}|uDCS.WebREPEngine_NET45.dll;{b0a71539-249a-499e-a936-acc55029dece}|uDCS.WCFServiceLibrary_NET45.dll;{4e51bf59-5e66-4325-86c2-073cf1fa821e}|uLibraries.Components_NET45.dll;"
		Debug.AspNetCompiler.VirtualPath = "/localhost_36441"
		Debug.AspNetCompiler.PhysicalPath = "uDCS.uDESCentral\"
		Debug.AspNetCompiler.TargetPath = "PrecompiledWeb\localhost_36441\"
		Debug.AspNetCompiler.Updateable = "true"
		Debug.AspNetCompiler.ForceOverwrite = "true"
		Debug.AspNetCompiler.FixedNames = "false"
		Debug.AspNetCompiler.Debug = "True"
		Release.AspNetCompiler.VirtualPath = "/localhost_36441"
		Release.AspNetCompiler.PhysicalPath = "uDCS.uDESCentral\"
		Release.AspNetCompiler.TargetPath = "PrecompiledWeb\localhost_36441\"
		Release.AspNetCompiler.Updateable = "true"
		Release.AspNetCompiler.ForceOverwrite = "true"
		Release.AspNetCompiler.FixedNames = "false"
		Release.AspNetCompiler.Debug = "False"
		VWDPort = "36441"
		SlnRelativePath = "uDCS.uDESCentral\"
	EndProjectSection
EndProject
Project("{FAE04EC0-301F-11D3-BF4B-00C04F79EFBC}") = "uDCS.REPEngine_NET45", "uDCS.REPEngine\uDCS.REPEngine_NET45.csproj", "{BB0FFC0F-4FDB-4EBA-BE7A-407AC64B715E}"
EndProject
Project("{FAE04EC0-301F-11D3-BF4B-00C04F79EFBC}") = "uDCS.WebREPEngine_NET45", "uDCS.WebREPEngine\uDCS.WebREPEngine_NET45.csproj", "{A0C49B8B-B1C1-411D-ACD5-7FB0733C08E2}"
EndProject
Project("{FAE04EC0-301F-11D3-BF4B-00C04F79EFBC}") = "uDCS.WCFServiceLibrary_NET45", "uDCS.WCFServiceLibrary\uDCS.WCFServiceLibrary_NET45.csproj", "{B0A71539-249A-499E-A936-ACC55029DECE}"
EndProject
Project("{FAE04EC0-301F-11D3-BF4B-00C04F79EFBC}") = "uLibraries.Components_NET45", "uLibraries.Components\uLibraries.Components_NET45.csproj", "{4E51BF59-5E66-4325-86C2-073CF1FA821E}"
EndProject
Global
	GlobalSection(SolutionConfigurationPlatforms) = preSolution
		CD_ROM|Any CPU = CD_ROM|Any CPU
		CD_ROM|x86 = CD_ROM|x86
		Debug|Any CPU = Debug|Any CPU
		Debug|x86 = Debug|x86
		DVD-5|Any CPU = DVD-5|Any CPU
		DVD-5|x86 = DVD-5|x86
		Release|Any CPU = Release|Any CPU
		Release|x86 = Release|x86
		SingleImage|Any CPU = SingleImage|Any CPU
		SingleImage|x86 = SingleImage|x86
	EndGlobalSection
	GlobalSection(ProjectConfigurationPlatforms) = postSolution
		{A6BFEABA-CDD3-49E4-B7F4-BAB5DB4E6687}.CD_ROM|Any CPU.ActiveCfg = Release|Any CPU
		{A6BFEABA-CDD3-49E4-B7F4-BAB5DB4E6687}.CD_ROM|Any CPU.Build.0 = Release|Any CPU
		{A6BFEABA-CDD3-49E4-B7F4-BAB5DB4E6687}.CD_ROM|x86.ActiveCfg = Release|Any CPU
		{A6BFEABA-CDD3-49E4-B7F4-BAB5DB4E6687}.CD_ROM|x86.Build.0 = Release|Any CPU
		{A6BFEABA-CDD3-49E4-B7F4-BAB5DB4E6687}.Debug|Any CPU.ActiveCfg = Debug|Any CPU
		{A6BFEABA-CDD3-49E4-B7F4-BAB5DB4E6687}.Debug|x86.ActiveCfg = Debug|Any CPU
		{A6BFEABA-CDD3-49E4-B7F4-BAB5DB4E6687}.Debug|x86.Build.0 = Debug|Any CPU
		{A6BFEABA-CDD3-49E4-B7F4-BAB5DB4E6687}.DVD-5|Any CPU.ActiveCfg = Debug|Any CPU
		{A6BFEABA-CDD3-49E4-B7F4-BAB5DB4E6687}.DVD-5|Any CPU.Build.0 = Debug|Any CPU
		{A6BFEABA-CDD3-49E4-B7F4-BAB5DB4E6687}.DVD-5|x86.ActiveCfg = Debug|Any CPU
		{A6BFEABA-CDD3-49E4-B7F4-BAB5DB4E6687}.DVD-5|x86.Build.0 = Debug|Any CPU
		{A6BFEABA-CDD3-49E4-B7F4-BAB5DB4E6687}.Release|Any CPU.ActiveCfg = Release|Any CPU
		{A6BFEABA-CDD3-49E4-B7F4-BAB5DB4E6687}.Release|Any CPU.Build.0 = Release|Any CPU
		{A6BFEABA-CDD3-49E4-B7F4-BAB5DB4E6687}.Release|x86.ActiveCfg = Release|Any CPU
		{A6BFEABA-CDD3-49E4-B7F4-BAB5DB4E6687}.Release|x86.Build.0 = Release|Any CPU
		{A6BFEABA-CDD3-49E4-B7F4-BAB5DB4E6687}.SingleImage|Any CPU.ActiveCfg = Release|Any CPU
		{A6BFEABA-CDD3-49E4-B7F4-BAB5DB4E6687}.SingleImage|Any CPU.Build.0 = Release|Any CPU
		{A6BFEABA-CDD3-49E4-B7F4-BAB5DB4E6687}.SingleImage|x86.ActiveCfg = Release|Any CPU
		{A6BFEABA-CDD3-49E4-B7F4-BAB5DB4E6687}.SingleImage|x86.Build.0 = Release|Any CPU
		{B447E8A1-38A8-4D86-A829-503F69045A78}.CD_ROM|Any CPU.ActiveCfg = Release|Any CPU
		{B447E8A1-38A8-4D86-A829-503F69045A78}.CD_ROM|Any CPU.Build.0 = Release|Any CPU
		{B447E8A1-38A8-4D86-A829-503F69045A78}.CD_ROM|x86.ActiveCfg = Release|Any CPU
		{B447E8A1-38A8-4D86-A829-503F69045A78}.CD_ROM|x86.Build.0 = Release|Any CPU
		{B447E8A1-38A8-4D86-A829-503F69045A78}.Debug|Any CPU.ActiveCfg = Debug|Any CPU
		{B447E8A1-38A8-4D86-A829-503F69045A78}.Debug|x86.ActiveCfg = Debug|Any CPU
		{B447E8A1-38A8-4D86-A829-503F69045A78}.Debug|x86.Build.0 = Debug|Any CPU
		{B447E8A1-38A8-4D86-A829-503F69045A78}.DVD-5|Any CPU.ActiveCfg = Debug|Any CPU
		{B447E8A1-38A8-4D86-A829-503F69045A78}.DVD-5|Any CPU.Build.0 = Debug|Any CPU
		{B447E8A1-38A8-4D86-A829-503F69045A78}.DVD-5|x86.ActiveCfg = Debug|Any CPU
		{B447E8A1-38A8-4D86-A829-503F69045A78}.DVD-5|x86.Build.0 = Debug|Any CPU
		{B447E8A1-38A8-4D86-A829-503F69045A78}.Release|Any CPU.ActiveCfg = Release|Any CPU
		{B447E8A1-38A8-4D86-A829-503F69045A78}.Release|Any CPU.Build.0 = Release|Any CPU
		{B447E8A1-38A8-4D86-A829-503F69045A78}.Release|x86.ActiveCfg = Release|Any CPU
		{B447E8A1-38A8-4D86-A829-503F69045A78}.Release|x86.Build.0 = Release|Any CPU
		{B447E8A1-38A8-4D86-A829-503F69045A78}.SingleImage|Any CPU.ActiveCfg = Release|Any CPU
		{B447E8A1-38A8-4D86-A829-503F69045A78}.SingleImage|Any CPU.Build.0 = Release|Any CPU
		{B447E8A1-38A8-4D86-A829-503F69045A78}.SingleImage|x86.ActiveCfg = Release|Any CPU
		{B447E8A1-38A8-4D86-A829-503F69045A78}.SingleImage|x86.Build.0 = Release|Any CPU
		{AB91BFD1-5063-4569-93DE-556AA7B94041}.CD_ROM|Any CPU.ActiveCfg = Release|Any CPU
		{AB91BFD1-5063-4569-93DE-556AA7B94041}.CD_ROM|Any CPU.Build.0 = Release|Any CPU
		{AB91BFD1-5063-4569-93DE-556AA7B94041}.CD_ROM|x86.ActiveCfg = Release|Any CPU
		{AB91BFD1-5063-4569-93DE-556AA7B94041}.CD_ROM|x86.Build.0 = Release|Any CPU
		{AB91BFD1-5063-4569-93DE-556AA7B94041}.Debug|Any CPU.ActiveCfg = Debug|Any CPU
		{AB91BFD1-5063-4569-93DE-556AA7B94041}.Debug|x86.ActiveCfg = Debug|Any CPU
		{AB91BFD1-5063-4569-93DE-556AA7B94041}.Debug|x86.Build.0 = Debug|Any CPU
		{AB91BFD1-5063-4569-93DE-556AA7B94041}.DVD-5|Any CPU.ActiveCfg = Debug|Any CPU
		{AB91BFD1-5063-4569-93DE-556AA7B94041}.DVD-5|Any CPU.Build.0 = Debug|Any CPU
		{AB91BFD1-5063-4569-93DE-556AA7B94041}.DVD-5|x86.ActiveCfg = Debug|Any CPU
		{AB91BFD1-5063-4569-93DE-556AA7B94041}.DVD-5|x86.Build.0 = Debug|Any CPU
		{AB91BFD1-5063-4569-93DE-556AA7B94041}.Release|Any CPU.ActiveCfg = Release|Any CPU
		{AB91BFD1-5063-4569-93DE-556AA7B94041}.Release|Any CPU.Build.0 = Release|Any CPU
		{AB91BFD1-5063-4569-93DE-556AA7B94041}.Release|x86.ActiveCfg = Release|Any CPU
		{AB91BFD1-5063-4569-93DE-556AA7B94041}.Release|x86.Build.0 = Release|Any CPU
		{AB91BFD1-5063-4569-93DE-556AA7B94041}.SingleImage|Any CPU.ActiveCfg = Release|Any CPU
		{AB91BFD1-5063-4569-93DE-556AA7B94041}.SingleImage|Any CPU.Build.0 = Release|Any CPU
		{AB91BFD1-5063-4569-93DE-556AA7B94041}.SingleImage|x86.ActiveCfg = Release|Any CPU
		{AB91BFD1-5063-4569-93DE-556AA7B94041}.SingleImage|x86.Build.0 = Release|Any CPU
		{D044CDB2-E5D1-43AB-95C8-F58F00AA9437}.CD_ROM|Any CPU.ActiveCfg = Release|Any CPU
		{D044CDB2-E5D1-43AB-95C8-F58F00AA9437}.CD_ROM|Any CPU.Build.0 = Release|Any CPU
		{D044CDB2-E5D1-43AB-95C8-F58F00AA9437}.CD_ROM|x86.ActiveCfg = Release|Any CPU
		{D044CDB2-E5D1-43AB-95C8-F58F00AA9437}.CD_ROM|x86.Build.0 = Release|Any CPU
		{D044CDB2-E5D1-43AB-95C8-F58F00AA9437}.Debug|Any CPU.ActiveCfg = Debug|Any CPU
		{D044CDB2-E5D1-43AB-95C8-F58F00AA9437}.Debug|x86.ActiveCfg = Debug|Any CPU
		{D044CDB2-E5D1-43AB-95C8-F58F00AA9437}.Debug|x86.Build.0 = Debug|Any CPU
		{D044CDB2-E5D1-43AB-95C8-F58F00AA9437}.DVD-5|Any CPU.ActiveCfg = Debug|Any CPU
		{D044CDB2-E5D1-43AB-95C8-F58F00AA9437}.DVD-5|Any CPU.Build.0 = Debug|Any CPU
		{D044CDB2-E5D1-43AB-95C8-F58F00AA9437}.DVD-5|x86.ActiveCfg = Debug|Any CPU
		{D044CDB2-E5D1-43AB-95C8-F58F00AA9437}.DVD-5|x86.Build.0 = Debug|Any CPU
		{D044CDB2-E5D1-43AB-95C8-F58F00AA9437}.Release|Any CPU.ActiveCfg = Release|Any CPU
		{D044CDB2-E5D1-43AB-95C8-F58F00AA9437}.Release|Any CPU.Build.0 = Release|Any CPU
		{D044CDB2-E5D1-43AB-95C8-F58F00AA9437}.Release|x86.ActiveCfg = Release|Any CPU
		{D044CDB2-E5D1-43AB-95C8-F58F00AA9437}.Release|x86.Build.0 = Release|Any CPU
		{D044CDB2-E5D1-43AB-95C8-F58F00AA9437}.SingleImage|Any CPU.ActiveCfg = Release|Any CPU
		{D044CDB2-E5D1-43AB-95C8-F58F00AA9437}.SingleImage|Any CPU.Build.0 = Release|Any CPU
		{D044CDB2-E5D1-43AB-95C8-F58F00AA9437}.SingleImage|x86.ActiveCfg = Release|Any CPU
		{D044CDB2-E5D1-43AB-95C8-F58F00AA9437}.SingleImage|x86.Build.0 = Release|Any CPU
		{FE2DEA35-03A4-4468-B552-7C60391A78CF}.CD_ROM|Any CPU.ActiveCfg = Release|Any CPU
		{FE2DEA35-03A4-4468-B552-7C60391A78CF}.CD_ROM|Any CPU.Build.0 = Release|Any CPU
		{FE2DEA35-03A4-4468-B552-7C60391A78CF}.CD_ROM|x86.ActiveCfg = Release|Any CPU
		{FE2DEA35-03A4-4468-B552-7C60391A78CF}.CD_ROM|x86.Build.0 = Release|Any CPU
		{FE2DEA35-03A4-4468-B552-7C60391A78CF}.Debug|Any CPU.ActiveCfg = Debug|Any CPU
		{FE2DEA35-03A4-4468-B552-7C60391A78CF}.Debug|x86.ActiveCfg = Debug|Any CPU
		{FE2DEA35-03A4-4468-B552-7C60391A78CF}.Debug|x86.Build.0 = Debug|Any CPU
		{FE2DEA35-03A4-4468-B552-7C60391A78CF}.DVD-5|Any CPU.ActiveCfg = Debug|Any CPU
		{FE2DEA35-03A4-4468-B552-7C60391A78CF}.DVD-5|Any CPU.Build.0 = Debug|Any CPU
		{FE2DEA35-03A4-4468-B552-7C60391A78CF}.DVD-5|x86.ActiveCfg = Debug|Any CPU
		{FE2DEA35-03A4-4468-B552-7C60391A78CF}.DVD-5|x86.Build.0 = Debug|Any CPU
		{FE2DEA35-03A4-4468-B552-7C60391A78CF}.Release|Any CPU.ActiveCfg = Release|Any CPU
		{FE2DEA35-03A4-4468-B552-7C60391A78CF}.Release|Any CPU.Build.0 = Release|Any CPU
		{FE2DEA35-03A4-4468-B552-7C60391A78CF}.Release|x86.ActiveCfg = Release|Any CPU
		{FE2DEA35-03A4-4468-B552-7C60391A78CF}.Release|x86.Build.0 = Release|Any CPU
		{FE2DEA35-03A4-4468-B552-7C60391A78CF}.SingleImage|Any CPU.ActiveCfg = Release|Any CPU
		{FE2DEA35-03A4-4468-B552-7C60391A78CF}.SingleImage|Any CPU.Build.0 = Release|Any CPU
		{FE2DEA35-03A4-4468-B552-7C60391A78CF}.SingleImage|x86.ActiveCfg = Release|Any CPU
		{FE2DEA35-03A4-4468-B552-7C60391A78CF}.SingleImage|x86.Build.0 = Release|Any CPU
		{72108E55-77EC-4C0C-9B6F-A5D882726A6B}.CD_ROM|Any CPU.ActiveCfg = Release|Any CPU
		{72108E55-77EC-4C0C-9B6F-A5D882726A6B}.CD_ROM|Any CPU.Build.0 = Release|Any CPU
		{72108E55-77EC-4C0C-9B6F-A5D882726A6B}.CD_ROM|x86.ActiveCfg = Release|x86
		{72108E55-77EC-4C0C-9B6F-A5D882726A6B}.CD_ROM|x86.Build.0 = Release|x86
		{72108E55-77EC-4C0C-9B6F-A5D882726A6B}.Debug|Any CPU.ActiveCfg = Debug|Any CPU
		{72108E55-77EC-4C0C-9B6F-A5D882726A6B}.Debug|x86.ActiveCfg = Debug|x86
		{72108E55-77EC-4C0C-9B6F-A5D882726A6B}.Debug|x86.Build.0 = Debug|x86
		{72108E55-77EC-4C0C-9B6F-A5D882726A6B}.DVD-5|Any CPU.ActiveCfg = Debug|Any CPU
		{72108E55-77EC-4C0C-9B6F-A5D882726A6B}.DVD-5|Any CPU.Build.0 = Debug|Any CPU
		{72108E55-77EC-4C0C-9B6F-A5D882726A6B}.DVD-5|x86.ActiveCfg = Debug|x86
		{72108E55-77EC-4C0C-9B6F-A5D882726A6B}.DVD-5|x86.Build.0 = Debug|x86
		{72108E55-77EC-4C0C-9B6F-A5D882726A6B}.Release|Any CPU.ActiveCfg = Release|Any CPU
		{72108E55-77EC-4C0C-9B6F-A5D882726A6B}.Release|Any CPU.Build.0 = Release|Any CPU
		{72108E55-77EC-4C0C-9B6F-A5D882726A6B}.Release|x86.ActiveCfg = Release|x86
		{72108E55-77EC-4C0C-9B6F-A5D882726A6B}.Release|x86.Build.0 = Release|x86
		{72108E55-77EC-4C0C-9B6F-A5D882726A6B}.SingleImage|Any CPU.ActiveCfg = Release|Any CPU
		{72108E55-77EC-4C0C-9B6F-A5D882726A6B}.SingleImage|Any CPU.Build.0 = Release|Any CPU
		{72108E55-77EC-4C0C-9B6F-A5D882726A6B}.SingleImage|x86.ActiveCfg = Release|x86
		{72108E55-77EC-4C0C-9B6F-A5D882726A6B}.SingleImage|x86.Build.0 = Release|x86
		{338936C1-7646-4CCD-9CC5-A15545750C6F}.CD_ROM|Any CPU.ActiveCfg = Release|Any CPU
		{338936C1-7646-4CCD-9CC5-A15545750C6F}.CD_ROM|Any CPU.Build.0 = Release|Any CPU
		{338936C1-7646-4CCD-9CC5-A15545750C6F}.CD_ROM|x86.ActiveCfg = Release|Any CPU
		{338936C1-7646-4CCD-9CC5-A15545750C6F}.CD_ROM|x86.Build.0 = Release|Any CPU
		{338936C1-7646-4CCD-9CC5-A15545750C6F}.Debug|Any CPU.ActiveCfg = Debug|Any CPU
		{338936C1-7646-4CCD-9CC5-A15545750C6F}.Debug|x86.ActiveCfg = Debug|Any CPU
		{338936C1-7646-4CCD-9CC5-A15545750C6F}.Debug|x86.Build.0 = Debug|Any CPU
		{338936C1-7646-4CCD-9CC5-A15545750C6F}.DVD-5|Any CPU.ActiveCfg = Debug|Any CPU
		{338936C1-7646-4CCD-9CC5-A15545750C6F}.DVD-5|Any CPU.Build.0 = Debug|Any CPU
		{338936C1-7646-4CCD-9CC5-A15545750C6F}.DVD-5|x86.ActiveCfg = Debug|Any CPU
		{338936C1-7646-4CCD-9CC5-A15545750C6F}.DVD-5|x86.Build.0 = Debug|Any CPU
		{338936C1-7646-4CCD-9CC5-A15545750C6F}.Release|Any CPU.ActiveCfg = Release|Any CPU
		{338936C1-7646-4CCD-9CC5-A15545750C6F}.Release|Any CPU.Build.0 = Release|Any CPU
		{338936C1-7646-4CCD-9CC5-A15545750C6F}.Release|x86.ActiveCfg = Release|Any CPU
		{338936C1-7646-4CCD-9CC5-A15545750C6F}.Release|x86.Build.0 = Release|Any CPU
		{338936C1-7646-4CCD-9CC5-A15545750C6F}.SingleImage|Any CPU.ActiveCfg = Release|Any CPU
		{338936C1-7646-4CCD-9CC5-A15545750C6F}.SingleImage|Any CPU.Build.0 = Release|Any CPU
		{338936C1-7646-4CCD-9CC5-A15545750C6F}.SingleImage|x86.ActiveCfg = Release|Any CPU
		{338936C1-7646-4CCD-9CC5-A15545750C6F}.SingleImage|x86.Build.0 = Release|Any CPU
		{8895C881-C375-47B7-9570-41AF139E3A8D}.CD_ROM|Any CPU.ActiveCfg = Release|x86
		{8895C881-C375-47B7-9570-41AF139E3A8D}.CD_ROM|Any CPU.Build.0 = Release|x86
		{8895C881-C375-47B7-9570-41AF139E3A8D}.CD_ROM|x86.ActiveCfg = Release|x86
		{8895C881-C375-47B7-9570-41AF139E3A8D}.CD_ROM|x86.Build.0 = Release|x86
		{8895C881-C375-47B7-9570-41AF139E3A8D}.Debug|Any CPU.ActiveCfg = Debug|x86
		{8895C881-C375-47B7-9570-41AF139E3A8D}.Debug|x86.ActiveCfg = Debug|x86
		{8895C881-C375-47B7-9570-41AF139E3A8D}.Debug|x86.Build.0 = Debug|x86
		{8895C881-C375-47B7-9570-41AF139E3A8D}.DVD-5|Any CPU.ActiveCfg = Release|x86
		{8895C881-C375-47B7-9570-41AF139E3A8D}.DVD-5|Any CPU.Build.0 = Release|x86
		{8895C881-C375-47B7-9570-41AF139E3A8D}.DVD-5|x86.ActiveCfg = Debug|x86
		{8895C881-C375-47B7-9570-41AF139E3A8D}.DVD-5|x86.Build.0 = Debug|x86
		{8895C881-C375-47B7-9570-41AF139E3A8D}.Release|Any CPU.ActiveCfg = Release|x86
		{8895C881-C375-47B7-9570-41AF139E3A8D}.Release|x86.ActiveCfg = Release|x86
		{8895C881-C375-47B7-9570-41AF139E3A8D}.Release|x86.Build.0 = Release|x86
		{8895C881-C375-47B7-9570-41AF139E3A8D}.SingleImage|Any CPU.ActiveCfg = Release|x86
		{8895C881-C375-47B7-9570-41AF139E3A8D}.SingleImage|Any CPU.Build.0 = Release|x86
		{8895C881-C375-47B7-9570-41AF139E3A8D}.SingleImage|x86.ActiveCfg = Release|x86
		{8895C881-C375-47B7-9570-41AF139E3A8D}.SingleImage|x86.Build.0 = Release|x86
		{C0A7AC57-550E-4492-B24B-446434EE652D}.CD_ROM|Any CPU.ActiveCfg = CD_ROM
		{C0A7AC57-550E-4492-B24B-446434EE652D}.CD_ROM|Any CPU.Build.0 = CD_ROM
		{C0A7AC57-550E-4492-B24B-446434EE652D}.CD_ROM|x86.ActiveCfg = CD_ROM
		{C0A7AC57-550E-4492-B24B-446434EE652D}.CD_ROM|x86.Build.0 = CD_ROM
		{C0A7AC57-550E-4492-B24B-446434EE652D}.Debug|Any CPU.ActiveCfg = DVD-5
		{C0A7AC57-550E-4492-B24B-446434EE652D}.Debug|x86.ActiveCfg = DVD-5
		{C0A7AC57-550E-4492-B24B-446434EE652D}.Debug|x86.Build.0 = DVD-5
		{C0A7AC57-550E-4492-B24B-446434EE652D}.DVD-5|Any CPU.ActiveCfg = DVD-5
		{C0A7AC57-550E-4492-B24B-446434EE652D}.DVD-5|Any CPU.Build.0 = DVD-5
		{C0A7AC57-550E-4492-B24B-446434EE652D}.DVD-5|x86.ActiveCfg = DVD-5
		{C0A7AC57-550E-4492-B24B-446434EE652D}.DVD-5|x86.Build.0 = DVD-5
		{C0A7AC57-550E-4492-B24B-446434EE652D}.Release|Any CPU.ActiveCfg = SingleImage
		{C0A7AC57-550E-4492-B24B-446434EE652D}.Release|Any CPU.Build.0 = SingleImage
		{C0A7AC57-550E-4492-B24B-446434EE652D}.Release|x86.ActiveCfg = SingleImage
		{C0A7AC57-550E-4492-B24B-446434EE652D}.Release|x86.Build.0 = SingleImage
		{C0A7AC57-550E-4492-B24B-446434EE652D}.SingleImage|Any CPU.ActiveCfg = SingleImage
		{C0A7AC57-550E-4492-B24B-446434EE652D}.SingleImage|Any CPU.Build.0 = SingleImage
		{C0A7AC57-550E-4492-B24B-446434EE652D}.SingleImage|x86.ActiveCfg = SingleImage
		{C0A7AC57-550E-4492-B24B-446434EE652D}.SingleImage|x86.Build.0 = SingleImage
		{E4477684-01B9-49C2-9963-D27CFE083D5F}.CD_ROM|Any CPU.ActiveCfg = Release|Any CPU
		{E4477684-01B9-49C2-9963-D27CFE083D5F}.CD_ROM|Any CPU.Build.0 = Release|Any CPU
		{E4477684-01B9-49C2-9963-D27CFE083D5F}.CD_ROM|x86.ActiveCfg = Release|Any CPU
		{E4477684-01B9-49C2-9963-D27CFE083D5F}.CD_ROM|x86.Build.0 = Release|Any CPU
		{E4477684-01B9-49C2-9963-D27CFE083D5F}.Debug|Any CPU.ActiveCfg = Debug|Any CPU
		{E4477684-01B9-49C2-9963-D27CFE083D5F}.Debug|x86.ActiveCfg = Debug|Any CPU
		{E4477684-01B9-49C2-9963-D27CFE083D5F}.Debug|x86.Build.0 = Debug|Any CPU
		{E4477684-01B9-49C2-9963-D27CFE083D5F}.DVD-5|Any CPU.ActiveCfg = Debug|Any CPU
		{E4477684-01B9-49C2-9963-D27CFE083D5F}.DVD-5|Any CPU.Build.0 = Debug|Any CPU
		{E4477684-01B9-49C2-9963-D27CFE083D5F}.DVD-5|x86.ActiveCfg = Debug|Any CPU
		{E4477684-01B9-49C2-9963-D27CFE083D5F}.DVD-5|x86.Build.0 = Debug|Any CPU
		{E4477684-01B9-49C2-9963-D27CFE083D5F}.Release|Any CPU.ActiveCfg = Release|Any CPU
		{E4477684-01B9-49C2-9963-D27CFE083D5F}.Release|Any CPU.Build.0 = Release|Any CPU
		{E4477684-01B9-49C2-9963-D27CFE083D5F}.Release|x86.ActiveCfg = Release|Any CPU
		{E4477684-01B9-49C2-9963-D27CFE083D5F}.Release|x86.Build.0 = Release|Any CPU
		{E4477684-01B9-49C2-9963-D27CFE083D5F}.SingleImage|Any CPU.ActiveCfg = Release|Any CPU
		{E4477684-01B9-49C2-9963-D27CFE083D5F}.SingleImage|Any CPU.Build.0 = Release|Any CPU
		{E4477684-01B9-49C2-9963-D27CFE083D5F}.SingleImage|x86.ActiveCfg = Release|Any CPU
		{E4477684-01B9-49C2-9963-D27CFE083D5F}.SingleImage|x86.Build.0 = Release|Any CPU
		{F7BA4250-D2B9-4758-8107-290ED59DC7CE}.CD_ROM|Any CPU.ActiveCfg = Release|Any CPU
		{F7BA4250-D2B9-4758-8107-290ED59DC7CE}.CD_ROM|Any CPU.Build.0 = Release|Any CPU
		{F7BA4250-D2B9-4758-8107-290ED59DC7CE}.CD_ROM|x86.ActiveCfg = Release|Any CPU
		{F7BA4250-D2B9-4758-8107-290ED59DC7CE}.CD_ROM|x86.Build.0 = Release|Any CPU
		{F7BA4250-D2B9-4758-8107-290ED59DC7CE}.Debug|Any CPU.ActiveCfg = Debug|Any CPU
		{F7BA4250-D2B9-4758-8107-290ED59DC7CE}.Debug|x86.ActiveCfg = Debug|Any CPU
		{F7BA4250-D2B9-4758-8107-290ED59DC7CE}.Debug|x86.Build.0 = Debug|Any CPU
		{F7BA4250-D2B9-4758-8107-290ED59DC7CE}.DVD-5|Any CPU.ActiveCfg = Debug|Any CPU
		{F7BA4250-D2B9-4758-8107-290ED59DC7CE}.DVD-5|Any CPU.Build.0 = Debug|Any CPU
		{F7BA4250-D2B9-4758-8107-290ED59DC7CE}.DVD-5|x86.ActiveCfg = Debug|Any CPU
		{F7BA4250-D2B9-4758-8107-290ED59DC7CE}.DVD-5|x86.Build.0 = Debug|Any CPU
		{F7BA4250-D2B9-4758-8107-290ED59DC7CE}.Release|Any CPU.ActiveCfg = Release|Any CPU
		{F7BA4250-D2B9-4758-8107-290ED59DC7CE}.Release|Any CPU.Build.0 = Release|Any CPU
		{F7BA4250-D2B9-4758-8107-290ED59DC7CE}.Release|x86.ActiveCfg = Release|Any CPU
		{F7BA4250-D2B9-4758-8107-290ED59DC7CE}.Release|x86.Build.0 = Release|Any CPU
		{F7BA4250-D2B9-4758-8107-290ED59DC7CE}.SingleImage|Any CPU.ActiveCfg = Release|Any CPU
		{F7BA4250-D2B9-4758-8107-290ED59DC7CE}.SingleImage|Any CPU.Build.0 = Release|Any CPU
		{F7BA4250-D2B9-4758-8107-290ED59DC7CE}.SingleImage|x86.ActiveCfg = Release|Any CPU
		{F7BA4250-D2B9-4758-8107-290ED59DC7CE}.SingleImage|x86.Build.0 = Release|Any CPU
		{B513F31A-B266-4E9E-8CC6-B04E90F0D1C7}.CD_ROM|Any CPU.ActiveCfg = Release|Any CPU
		{B513F31A-B266-4E9E-8CC6-B04E90F0D1C7}.CD_ROM|Any CPU.Build.0 = Release|Any CPU
		{B513F31A-B266-4E9E-8CC6-B04E90F0D1C7}.CD_ROM|x86.ActiveCfg = Release|Any CPU
		{B513F31A-B266-4E9E-8CC6-B04E90F0D1C7}.CD_ROM|x86.Build.0 = Release|Any CPU
		{B513F31A-B266-4E9E-8CC6-B04E90F0D1C7}.Debug|Any CPU.ActiveCfg = Debug|Any CPU
		{B513F31A-B266-4E9E-8CC6-B04E90F0D1C7}.Debug|x86.ActiveCfg = Debug|Any CPU
		{B513F31A-B266-4E9E-8CC6-B04E90F0D1C7}.Debug|x86.Build.0 = Debug|Any CPU
		{B513F31A-B266-4E9E-8CC6-B04E90F0D1C7}.DVD-5|Any CPU.ActiveCfg = Debug|Any CPU
		{B513F31A-B266-4E9E-8CC6-B04E90F0D1C7}.DVD-5|Any CPU.Build.0 = Debug|Any CPU
		{B513F31A-B266-4E9E-8CC6-B04E90F0D1C7}.DVD-5|x86.ActiveCfg = Debug|Any CPU
		{B513F31A-B266-4E9E-8CC6-B04E90F0D1C7}.DVD-5|x86.Build.0 = Debug|Any CPU
		{B513F31A-B266-4E9E-8CC6-B04E90F0D1C7}.Release|Any CPU.ActiveCfg = Release|Any CPU
		{B513F31A-B266-4E9E-8CC6-B04E90F0D1C7}.Release|Any CPU.Build.0 = Release|Any CPU
		{B513F31A-B266-4E9E-8CC6-B04E90F0D1C7}.Release|x86.ActiveCfg = Release|Any CPU
		{B513F31A-B266-4E9E-8CC6-B04E90F0D1C7}.Release|x86.Build.0 = Release|Any CPU
		{B513F31A-B266-4E9E-8CC6-B04E90F0D1C7}.SingleImage|Any CPU.ActiveCfg = Release|Any CPU
		{B513F31A-B266-4E9E-8CC6-B04E90F0D1C7}.SingleImage|Any CPU.Build.0 = Release|Any CPU
		{B513F31A-B266-4E9E-8CC6-B04E90F0D1C7}.SingleImage|x86.ActiveCfg = Release|Any CPU
		{B513F31A-B266-4E9E-8CC6-B04E90F0D1C7}.SingleImage|x86.Build.0 = Release|Any CPU
		{46D7061C-1FFD-46A4-BDFF-33B52586CC48}.CD_ROM|Any CPU.ActiveCfg = Release|Any CPU
		{46D7061C-1FFD-46A4-BDFF-33B52586CC48}.CD_ROM|Any CPU.Build.0 = Release|Any CPU
		{46D7061C-1FFD-46A4-BDFF-33B52586CC48}.CD_ROM|x86.ActiveCfg = Release|Any CPU
		{46D7061C-1FFD-46A4-BDFF-33B52586CC48}.CD_ROM|x86.Build.0 = Release|Any CPU
		{46D7061C-1FFD-46A4-BDFF-33B52586CC48}.Debug|Any CPU.ActiveCfg = Debug|Any CPU
		{46D7061C-1FFD-46A4-BDFF-33B52586CC48}.Debug|x86.ActiveCfg = Debug|Any CPU
		{46D7061C-1FFD-46A4-BDFF-33B52586CC48}.Debug|x86.Build.0 = Debug|Any CPU
		{46D7061C-1FFD-46A4-BDFF-33B52586CC48}.DVD-5|Any CPU.ActiveCfg = Debug|Any CPU
		{46D7061C-1FFD-46A4-BDFF-33B52586CC48}.DVD-5|Any CPU.Build.0 = Debug|Any CPU
		{46D7061C-1FFD-46A4-BDFF-33B52586CC48}.DVD-5|x86.ActiveCfg = Debug|Any CPU
		{46D7061C-1FFD-46A4-BDFF-33B52586CC48}.DVD-5|x86.Build.0 = Debug|Any CPU
		{46D7061C-1FFD-46A4-BDFF-33B52586CC48}.Release|Any CPU.ActiveCfg = Release|Any CPU
		{46D7061C-1FFD-46A4-BDFF-33B52586CC48}.Release|Any CPU.Build.0 = Release|Any CPU
		{46D7061C-1FFD-46A4-BDFF-33B52586CC48}.Release|x86.ActiveCfg = Release|Any CPU
		{46D7061C-1FFD-46A4-BDFF-33B52586CC48}.Release|x86.Build.0 = Release|Any CPU
		{46D7061C-1FFD-46A4-BDFF-33B52586CC48}.SingleImage|Any CPU.ActiveCfg = Release|Any CPU
		{46D7061C-1FFD-46A4-BDFF-33B52586CC48}.SingleImage|Any CPU.Build.0 = Release|Any CPU
		{46D7061C-1FFD-46A4-BDFF-33B52586CC48}.SingleImage|x86.ActiveCfg = Release|Any CPU
		{46D7061C-1FFD-46A4-BDFF-33B52586CC48}.SingleImage|x86.Build.0 = Release|Any CPU
		{931AEBEF-1B00-455A-B6B4-678EFD0987D5}.CD_ROM|Any CPU.ActiveCfg = Release|Any CPU
		{931AEBEF-1B00-455A-B6B4-678EFD0987D5}.CD_ROM|Any CPU.Build.0 = Release|Any CPU
		{931AEBEF-1B00-455A-B6B4-678EFD0987D5}.CD_ROM|x86.ActiveCfg = Release|Any CPU
		{931AEBEF-1B00-455A-B6B4-678EFD0987D5}.CD_ROM|x86.Build.0 = Release|Any CPU
		{931AEBEF-1B00-455A-B6B4-678EFD0987D5}.Debug|Any CPU.ActiveCfg = Debug|Any CPU
		{931AEBEF-1B00-455A-B6B4-678EFD0987D5}.Debug|x86.ActiveCfg = Debug|Any CPU
		{931AEBEF-1B00-455A-B6B4-678EFD0987D5}.Debug|x86.Build.0 = Debug|Any CPU
		{931AEBEF-1B00-455A-B6B4-678EFD0987D5}.DVD-5|Any CPU.ActiveCfg = Debug|Any CPU
		{931AEBEF-1B00-455A-B6B4-678EFD0987D5}.DVD-5|Any CPU.Build.0 = Debug|Any CPU
		{931AEBEF-1B00-455A-B6B4-678EFD0987D5}.DVD-5|x86.ActiveCfg = Debug|Any CPU
		{931AEBEF-1B00-455A-B6B4-678EFD0987D5}.DVD-5|x86.Build.0 = Debug|Any CPU
		{931AEBEF-1B00-455A-B6B4-678EFD0987D5}.Release|Any CPU.ActiveCfg = Release|Any CPU
		{931AEBEF-1B00-455A-B6B4-678EFD0987D5}.Release|Any CPU.Build.0 = Release|Any CPU
		{931AEBEF-1B00-455A-B6B4-678EFD0987D5}.Release|x86.ActiveCfg = Release|Any CPU
		{931AEBEF-1B00-455A-B6B4-678EFD0987D5}.Release|x86.Build.0 = Release|Any CPU
		{931AEBEF-1B00-455A-B6B4-678EFD0987D5}.SingleImage|Any CPU.ActiveCfg = Release|Any CPU
		{931AEBEF-1B00-455A-B6B4-678EFD0987D5}.SingleImage|Any CPU.Build.0 = Release|Any CPU
		{931AEBEF-1B00-455A-B6B4-678EFD0987D5}.SingleImage|x86.ActiveCfg = Release|Any CPU
		{931AEBEF-1B00-455A-B6B4-678EFD0987D5}.SingleImage|x86.Build.0 = Release|Any CPU
		{5AEEFCB8-FEE1-40F7-9DE2-94CAEC407A81}.CD_ROM|Any CPU.ActiveCfg = Release|Any CPU
		{5AEEFCB8-FEE1-40F7-9DE2-94CAEC407A81}.CD_ROM|Any CPU.Build.0 = Release|Any CPU
		{5AEEFCB8-FEE1-40F7-9DE2-94CAEC407A81}.CD_ROM|Any CPU.Deploy.0 = Release|Any CPU
		{5AEEFCB8-FEE1-40F7-9DE2-94CAEC407A81}.CD_ROM|x86.ActiveCfg = Release|Any CPU
		{5AEEFCB8-FEE1-40F7-9DE2-94CAEC407A81}.CD_ROM|x86.Build.0 = Release|Any CPU
		{5AEEFCB8-FEE1-40F7-9DE2-94CAEC407A81}.CD_ROM|x86.Deploy.0 = Release|Any CPU
		{5AEEFCB8-FEE1-40F7-9DE2-94CAEC407A81}.Debug|Any CPU.ActiveCfg = Debug|Any CPU
		{5AEEFCB8-FEE1-40F7-9DE2-94CAEC407A81}.Debug|Any CPU.Deploy.0 = Debug|Any CPU
		{5AEEFCB8-FEE1-40F7-9DE2-94CAEC407A81}.Debug|x86.ActiveCfg = Debug|Any CPU
		{5AEEFCB8-FEE1-40F7-9DE2-94CAEC407A81}.Debug|x86.Build.0 = Debug|Any CPU
		{5AEEFCB8-FEE1-40F7-9DE2-94CAEC407A81}.Debug|x86.Deploy.0 = Debug|Any CPU
		{5AEEFCB8-FEE1-40F7-9DE2-94CAEC407A81}.DVD-5|Any CPU.ActiveCfg = Debug|Any CPU
		{5AEEFCB8-FEE1-40F7-9DE2-94CAEC407A81}.DVD-5|Any CPU.Build.0 = Debug|Any CPU
		{5AEEFCB8-FEE1-40F7-9DE2-94CAEC407A81}.DVD-5|Any CPU.Deploy.0 = Debug|Any CPU
		{5AEEFCB8-FEE1-40F7-9DE2-94CAEC407A81}.DVD-5|x86.ActiveCfg = Debug|Any CPU
		{5AEEFCB8-FEE1-40F7-9DE2-94CAEC407A81}.DVD-5|x86.Build.0 = Debug|Any CPU
		{5AEEFCB8-FEE1-40F7-9DE2-94CAEC407A81}.DVD-5|x86.Deploy.0 = Debug|Any CPU
		{5AEEFCB8-FEE1-40F7-9DE2-94CAEC407A81}.Release|Any CPU.ActiveCfg = Release|Any CPU
		{5AEEFCB8-FEE1-40F7-9DE2-94CAEC407A81}.Release|Any CPU.Build.0 = Release|Any CPU
		{5AEEFCB8-FEE1-40F7-9DE2-94CAEC407A81}.Release|Any CPU.Deploy.0 = Release|Any CPU
		{5AEEFCB8-FEE1-40F7-9DE2-94CAEC407A81}.Release|x86.ActiveCfg = Release|Any CPU
		{5AEEFCB8-FEE1-40F7-9DE2-94CAEC407A81}.Release|x86.Build.0 = Release|Any CPU
		{5AEEFCB8-FEE1-40F7-9DE2-94CAEC407A81}.Release|x86.Deploy.0 = Release|Any CPU
		{5AEEFCB8-FEE1-40F7-9DE2-94CAEC407A81}.SingleImage|Any CPU.ActiveCfg = Release|Any CPU
		{5AEEFCB8-FEE1-40F7-9DE2-94CAEC407A81}.SingleImage|Any CPU.Build.0 = Release|Any CPU
		{5AEEFCB8-FEE1-40F7-9DE2-94CAEC407A81}.SingleImage|Any CPU.Deploy.0 = Release|Any CPU
		{5AEEFCB8-FEE1-40F7-9DE2-94CAEC407A81}.SingleImage|x86.ActiveCfg = Release|Any CPU
		{5AEEFCB8-FEE1-40F7-9DE2-94CAEC407A81}.SingleImage|x86.Build.0 = Release|Any CPU
		{5AEEFCB8-FEE1-40F7-9DE2-94CAEC407A81}.SingleImage|x86.Deploy.0 = Release|Any CPU
		{3CF9E949-AA51-4DE4-8B8E-ADEDD37B4820}.CD_ROM|Any CPU.ActiveCfg = Release|Any CPU
		{3CF9E949-AA51-4DE4-8B8E-ADEDD37B4820}.CD_ROM|Any CPU.Build.0 = Release|Any CPU
		{3CF9E949-AA51-4DE4-8B8E-ADEDD37B4820}.CD_ROM|x86.ActiveCfg = Release|Any CPU
		{3CF9E949-AA51-4DE4-8B8E-ADEDD37B4820}.CD_ROM|x86.Build.0 = Release|Any CPU
		{3CF9E949-AA51-4DE4-8B8E-ADEDD37B4820}.Debug|Any CPU.ActiveCfg = Debug|Any CPU
		{3CF9E949-AA51-4DE4-8B8E-ADEDD37B4820}.Debug|x86.ActiveCfg = Debug|Any CPU
		{3CF9E949-AA51-4DE4-8B8E-ADEDD37B4820}.Debug|x86.Build.0 = Debug|Any CPU
		{3CF9E949-AA51-4DE4-8B8E-ADEDD37B4820}.DVD-5|Any CPU.ActiveCfg = Debug|Any CPU
		{3CF9E949-AA51-4DE4-8B8E-ADEDD37B4820}.DVD-5|Any CPU.Build.0 = Debug|Any CPU
		{3CF9E949-AA51-4DE4-8B8E-ADEDD37B4820}.DVD-5|x86.ActiveCfg = Debug|Any CPU
		{3CF9E949-AA51-4DE4-8B8E-ADEDD37B4820}.DVD-5|x86.Build.0 = Debug|Any CPU
		{3CF9E949-AA51-4DE4-8B8E-ADEDD37B4820}.Release|Any CPU.ActiveCfg = Release|Any CPU
		{3CF9E949-AA51-4DE4-8B8E-ADEDD37B4820}.Release|Any CPU.Build.0 = Release|Any CPU
		{3CF9E949-AA51-4DE4-8B8E-ADEDD37B4820}.Release|x86.ActiveCfg = Release|Any CPU
		{3CF9E949-AA51-4DE4-8B8E-ADEDD37B4820}.Release|x86.Build.0 = Release|Any CPU
		{3CF9E949-AA51-4DE4-8B8E-ADEDD37B4820}.SingleImage|Any CPU.ActiveCfg = Release|Any CPU
		{3CF9E949-AA51-4DE4-8B8E-ADEDD37B4820}.SingleImage|Any CPU.Build.0 = Release|Any CPU
		{3CF9E949-AA51-4DE4-8B8E-ADEDD37B4820}.SingleImage|x86.ActiveCfg = Release|Any CPU
		{3CF9E949-AA51-4DE4-8B8E-ADEDD37B4820}.SingleImage|x86.Build.0 = Release|Any CPU
		{C03B5DD4-B23A-4680-B71C-7539430BACC9}.CD_ROM|Any CPU.ActiveCfg = Release|Any CPU
		{C03B5DD4-B23A-4680-B71C-7539430BACC9}.CD_ROM|Any CPU.Build.0 = Release|Any CPU
		{C03B5DD4-B23A-4680-B71C-7539430BACC9}.CD_ROM|x86.ActiveCfg = Release|Any CPU
		{C03B5DD4-B23A-4680-B71C-7539430BACC9}.CD_ROM|x86.Build.0 = Release|Any CPU
		{C03B5DD4-B23A-4680-B71C-7539430BACC9}.Debug|Any CPU.ActiveCfg = Debug|Any CPU
		{C03B5DD4-B23A-4680-B71C-7539430BACC9}.Debug|x86.ActiveCfg = Debug|Any CPU
		{C03B5DD4-B23A-4680-B71C-7539430BACC9}.Debug|x86.Build.0 = Debug|Any CPU
		{C03B5DD4-B23A-4680-B71C-7539430BACC9}.DVD-5|Any CPU.ActiveCfg = Debug|Any CPU
		{C03B5DD4-B23A-4680-B71C-7539430BACC9}.DVD-5|Any CPU.Build.0 = Debug|Any CPU
		{C03B5DD4-B23A-4680-B71C-7539430BACC9}.DVD-5|x86.ActiveCfg = Debug|Any CPU
		{C03B5DD4-B23A-4680-B71C-7539430BACC9}.DVD-5|x86.Build.0 = Debug|Any CPU
		{C03B5DD4-B23A-4680-B71C-7539430BACC9}.Release|Any CPU.ActiveCfg = Release|Any CPU
		{C03B5DD4-B23A-4680-B71C-7539430BACC9}.Release|Any CPU.Build.0 = Release|Any CPU
		{C03B5DD4-B23A-4680-B71C-7539430BACC9}.Release|x86.ActiveCfg = Release|Any CPU
		{C03B5DD4-B23A-4680-B71C-7539430BACC9}.Release|x86.Build.0 = Release|Any CPU
		{C03B5DD4-B23A-4680-B71C-7539430BACC9}.SingleImage|Any CPU.ActiveCfg = Release|Any CPU
		{C03B5DD4-B23A-4680-B71C-7539430BACC9}.SingleImage|Any CPU.Build.0 = Release|Any CPU
		{C03B5DD4-B23A-4680-B71C-7539430BACC9}.SingleImage|x86.ActiveCfg = Release|Any CPU
		{C03B5DD4-B23A-4680-B71C-7539430BACC9}.SingleImage|x86.Build.0 = Release|Any CPU
		{3A42C4EE-FDAA-447B-A307-436E898E0449}.CD_ROM|Any CPU.ActiveCfg = Debug|Any CPU
		{3A42C4EE-FDAA-447B-A307-436E898E0449}.CD_ROM|Any CPU.Build.0 = Debug|Any CPU
		{3A42C4EE-FDAA-447B-A307-436E898E0449}.CD_ROM|x86.ActiveCfg = Debug|Any CPU
		{3A42C4EE-FDAA-447B-A307-436E898E0449}.CD_ROM|x86.Build.0 = Debug|Any CPU
		{3A42C4EE-FDAA-447B-A307-436E898E0449}.Debug|Any CPU.ActiveCfg = Debug|Any CPU
		{3A42C4EE-FDAA-447B-A307-436E898E0449}.Debug|x86.ActiveCfg = Debug|Any CPU
		{3A42C4EE-FDAA-447B-A307-436E898E0449}.Debug|x86.Build.0 = Debug|Any CPU
		{3A42C4EE-FDAA-447B-A307-436E898E0449}.DVD-5|Any CPU.ActiveCfg = Debug|Any CPU
		{3A42C4EE-FDAA-447B-A307-436E898E0449}.DVD-5|Any CPU.Build.0 = Debug|Any CPU
		{3A42C4EE-FDAA-447B-A307-436E898E0449}.DVD-5|x86.ActiveCfg = Debug|Any CPU
		{3A42C4EE-FDAA-447B-A307-436E898E0449}.DVD-5|x86.Build.0 = Debug|Any CPU
		{3A42C4EE-FDAA-447B-A307-436E898E0449}.Release|Any CPU.ActiveCfg = Debug|Any CPU
		{3A42C4EE-FDAA-447B-A307-436E898E0449}.Release|Any CPU.Build.0 = Debug|Any CPU
		{3A42C4EE-FDAA-447B-A307-436E898E0449}.Release|x86.ActiveCfg = Debug|Any CPU
		{3A42C4EE-FDAA-447B-A307-436E898E0449}.Release|x86.Build.0 = Debug|Any CPU
		{3A42C4EE-FDAA-447B-A307-436E898E0449}.SingleImage|Any CPU.ActiveCfg = Debug|Any CPU
		{3A42C4EE-FDAA-447B-A307-436E898E0449}.SingleImage|Any CPU.Build.0 = Debug|Any CPU
		{3A42C4EE-FDAA-447B-A307-436E898E0449}.SingleImage|x86.ActiveCfg = Debug|Any CPU
		{3A42C4EE-FDAA-447B-A307-436E898E0449}.SingleImage|x86.Build.0 = Debug|Any CPU
		{BB0FFC0F-4FDB-4EBA-BE7A-407AC64B715E}.CD_ROM|Any CPU.ActiveCfg = Release|Any CPU
		{BB0FFC0F-4FDB-4EBA-BE7A-407AC64B715E}.CD_ROM|Any CPU.Build.0 = Release|Any CPU
		{BB0FFC0F-4FDB-4EBA-BE7A-407AC64B715E}.CD_ROM|x86.ActiveCfg = Release|Any CPU
		{BB0FFC0F-4FDB-4EBA-BE7A-407AC64B715E}.CD_ROM|x86.Build.0 = Release|Any CPU
		{BB0FFC0F-4FDB-4EBA-BE7A-407AC64B715E}.Debug|Any CPU.ActiveCfg = Debug|Any CPU
		{BB0FFC0F-4FDB-4EBA-BE7A-407AC64B715E}.Debug|x86.ActiveCfg = Debug|Any CPU
		{BB0FFC0F-4FDB-4EBA-BE7A-407AC64B715E}.Debug|x86.Build.0 = Debug|Any CPU
		{BB0FFC0F-4FDB-4EBA-BE7A-407AC64B715E}.DVD-5|Any CPU.ActiveCfg = Debug|Any CPU
		{BB0FFC0F-4FDB-4EBA-BE7A-407AC64B715E}.DVD-5|Any CPU.Build.0 = Debug|Any CPU
		{BB0FFC0F-4FDB-4EBA-BE7A-407AC64B715E}.DVD-5|x86.ActiveCfg = Debug|Any CPU
		{BB0FFC0F-4FDB-4EBA-BE7A-407AC64B715E}.DVD-5|x86.Build.0 = Debug|Any CPU
		{BB0FFC0F-4FDB-4EBA-BE7A-407AC64B715E}.Release|Any CPU.ActiveCfg = Release|Any CPU
		{BB0FFC0F-4FDB-4EBA-BE7A-407AC64B715E}.Release|Any CPU.Build.0 = Release|Any CPU
		{BB0FFC0F-4FDB-4EBA-BE7A-407AC64B715E}.Release|x86.ActiveCfg = Release|Any CPU
		{BB0FFC0F-4FDB-4EBA-BE7A-407AC64B715E}.Release|x86.Build.0 = Release|Any CPU
		{BB0FFC0F-4FDB-4EBA-BE7A-407AC64B715E}.SingleImage|Any CPU.ActiveCfg = Release|Any CPU
		{BB0FFC0F-4FDB-4EBA-BE7A-407AC64B715E}.SingleImage|Any CPU.Build.0 = Release|Any CPU
		{BB0FFC0F-4FDB-4EBA-BE7A-407AC64B715E}.SingleImage|x86.ActiveCfg = Release|Any CPU
		{BB0FFC0F-4FDB-4EBA-BE7A-407AC64B715E}.SingleImage|x86.Build.0 = Release|Any CPU
		{A0C49B8B-B1C1-411D-ACD5-7FB0733C08E2}.CD_ROM|Any CPU.ActiveCfg = Release|Any CPU
		{A0C49B8B-B1C1-411D-ACD5-7FB0733C08E2}.CD_ROM|Any CPU.Build.0 = Release|Any CPU
		{A0C49B8B-B1C1-411D-ACD5-7FB0733C08E2}.CD_ROM|x86.ActiveCfg = Release|Any CPU
		{A0C49B8B-B1C1-411D-ACD5-7FB0733C08E2}.CD_ROM|x86.Build.0 = Release|Any CPU
		{A0C49B8B-B1C1-411D-ACD5-7FB0733C08E2}.Debug|Any CPU.ActiveCfg = Debug|Any CPU
		{A0C49B8B-B1C1-411D-ACD5-7FB0733C08E2}.Debug|x86.ActiveCfg = Debug|Any CPU
		{A0C49B8B-B1C1-411D-ACD5-7FB0733C08E2}.Debug|x86.Build.0 = Debug|Any CPU
		{A0C49B8B-B1C1-411D-ACD5-7FB0733C08E2}.DVD-5|Any CPU.ActiveCfg = Debug|Any CPU
		{A0C49B8B-B1C1-411D-ACD5-7FB0733C08E2}.DVD-5|Any CPU.Build.0 = Debug|Any CPU
		{A0C49B8B-B1C1-411D-ACD5-7FB0733C08E2}.DVD-5|x86.ActiveCfg = Debug|Any CPU
		{A0C49B8B-B1C1-411D-ACD5-7FB0733C08E2}.DVD-5|x86.Build.0 = Debug|Any CPU
		{A0C49B8B-B1C1-411D-ACD5-7FB0733C08E2}.Release|Any CPU.ActiveCfg = Release|Any CPU
		{A0C49B8B-B1C1-411D-ACD5-7FB0733C08E2}.Release|Any CPU.Build.0 = Release|Any CPU
		{A0C49B8B-B1C1-411D-ACD5-7FB0733C08E2}.Release|x86.ActiveCfg = Release|Any CPU
		{A0C49B8B-B1C1-411D-ACD5-7FB0733C08E2}.Release|x86.Build.0 = Release|Any CPU
		{A0C49B8B-B1C1-411D-ACD5-7FB0733C08E2}.SingleImage|Any CPU.ActiveCfg = Release|Any CPU
		{A0C49B8B-B1C1-411D-ACD5-7FB0733C08E2}.SingleImage|Any CPU.Build.0 = Release|Any CPU
		{A0C49B8B-B1C1-411D-ACD5-7FB0733C08E2}.SingleImage|x86.ActiveCfg = Release|Any CPU
		{A0C49B8B-B1C1-411D-ACD5-7FB0733C08E2}.SingleImage|x86.Build.0 = Release|Any CPU
		{B0A71539-249A-499E-A936-ACC55029DECE}.CD_ROM|Any CPU.ActiveCfg = Release|Any CPU
		{B0A71539-249A-499E-A936-ACC55029DECE}.CD_ROM|Any CPU.Build.0 = Release|Any CPU
		{B0A71539-249A-499E-A936-ACC55029DECE}.CD_ROM|x86.ActiveCfg = Release|Any CPU
		{B0A71539-249A-499E-A936-ACC55029DECE}.CD_ROM|x86.Build.0 = Release|Any CPU
		{B0A71539-249A-499E-A936-ACC55029DECE}.Debug|Any CPU.ActiveCfg = Debug|Any CPU
		{B0A71539-249A-499E-A936-ACC55029DECE}.Debug|x86.ActiveCfg = Debug|Any CPU
		{B0A71539-249A-499E-A936-ACC55029DECE}.Debug|x86.Build.0 = Debug|Any CPU
		{B0A71539-249A-499E-A936-ACC55029DECE}.DVD-5|Any CPU.ActiveCfg = Debug|Any CPU
		{B0A71539-249A-499E-A936-ACC55029DECE}.DVD-5|Any CPU.Build.0 = Debug|Any CPU
		{B0A71539-249A-499E-A936-ACC55029DECE}.DVD-5|x86.ActiveCfg = Debug|Any CPU
		{B0A71539-249A-499E-A936-ACC55029DECE}.DVD-5|x86.Build.0 = Debug|Any CPU
		{B0A71539-249A-499E-A936-ACC55029DECE}.Release|Any CPU.ActiveCfg = Release|Any CPU
		{B0A71539-249A-499E-A936-ACC55029DECE}.Release|Any CPU.Build.0 = Release|Any CPU
		{B0A71539-249A-499E-A936-ACC55029DECE}.Release|x86.ActiveCfg = Release|Any CPU
		{B0A71539-249A-499E-A936-ACC55029DECE}.Release|x86.Build.0 = Release|Any CPU
		{B0A71539-249A-499E-A936-ACC55029DECE}.SingleImage|Any CPU.ActiveCfg = Release|Any CPU
		{B0A71539-249A-499E-A936-ACC55029DECE}.SingleImage|Any CPU.Build.0 = Release|Any CPU
		{B0A71539-249A-499E-A936-ACC55029DECE}.SingleImage|x86.ActiveCfg = Release|Any CPU
		{B0A71539-249A-499E-A936-ACC55029DECE}.SingleImage|x86.Build.0 = Release|Any CPU
		{4E51BF59-5E66-4325-86C2-073CF1FA821E}.CD_ROM|Any CPU.ActiveCfg = Release|Any CPU
		{4E51BF59-5E66-4325-86C2-073CF1FA821E}.CD_ROM|Any CPU.Build.0 = Release|Any CPU
		{4E51BF59-5E66-4325-86C2-073CF1FA821E}.CD_ROM|x86.ActiveCfg = Release|Any CPU
		{4E51BF59-5E66-4325-86C2-073CF1FA821E}.CD_ROM|x86.Build.0 = Release|Any CPU
		{4E51BF59-5E66-4325-86C2-073CF1FA821E}.Debug|Any CPU.ActiveCfg = Debug|Any CPU
		{4E51BF59-5E66-4325-86C2-073CF1FA821E}.Debug|x86.ActiveCfg = Debug|Any CPU
		{4E51BF59-5E66-4325-86C2-073CF1FA821E}.Debug|x86.Build.0 = Debug|Any CPU
		{4E51BF59-5E66-4325-86C2-073CF1FA821E}.DVD-5|Any CPU.ActiveCfg = Debug|Any CPU
		{4E51BF59-5E66-4325-86C2-073CF1FA821E}.DVD-5|Any CPU.Build.0 = Debug|Any CPU
		{4E51BF59-5E66-4325-86C2-073CF1FA821E}.DVD-5|x86.ActiveCfg = Debug|Any CPU
		{4E51BF59-5E66-4325-86C2-073CF1FA821E}.DVD-5|x86.Build.0 = Debug|Any CPU
		{4E51BF59-5E66-4325-86C2-073CF1FA821E}.Release|Any CPU.ActiveCfg = Release|Any CPU
		{4E51BF59-5E66-4325-86C2-073CF1FA821E}.Release|Any CPU.Build.0 = Release|Any CPU
		{4E51BF59-5E66-4325-86C2-073CF1FA821E}.Release|x86.ActiveCfg = Release|Any CPU
		{4E51BF59-5E66-4325-86C2-073CF1FA821E}.Release|x86.Build.0 = Release|Any CPU
		{4E51BF59-5E66-4325-86C2-073CF1FA821E}.SingleImage|Any CPU.ActiveCfg = Release|Any CPU
		{4E51BF59-5E66-4325-86C2-073CF1FA821E}.SingleImage|Any CPU.Build.0 = Release|Any CPU
		{4E51BF59-5E66-4325-86C2-073CF1FA821E}.SingleImage|x86.ActiveCfg = Release|Any CPU
		{4E51BF59-5E66-4325-86C2-073CF1FA821E}.SingleImage|x86.Build.0 = Release|Any CPU
	EndGlobalSection
	GlobalSection(SolutionProperties) = preSolution
		HideSolutionNode = FALSE
	EndGlobalSection
	GlobalSection(NestedProjects) = preSolution
		{FE2DEA35-03A4-4468-B552-7C60391A78CF} = {7D1064B0-B34C-4A1D-B458-13A964735FD3}
		{72108E55-77EC-4C0C-9B6F-A5D882726A6B} = {7D1064B0-B34C-4A1D-B458-13A964735FD3}
		{338936C1-7646-4CCD-9CC5-A15545750C6F} = {7D1064B0-B34C-4A1D-B458-13A964735FD3}
		{8895C881-C375-47B7-9570-41AF139E3A8D} = {7D1064B0-B34C-4A1D-B458-13A964735FD3}
		{C0A7AC57-550E-4492-B24B-446434EE652D} = {7D1064B0-B34C-4A1D-B458-13A964735FD3}
		{E4477684-01B9-49C2-9963-D27CFE083D5F} = {71803846-FCAF-46F2-B639-466DC2E19CFF}
		{F7BA4250-D2B9-4758-8107-290ED59DC7CE} = {71803846-FCAF-46F2-B639-466DC2E19CFF}
		{B513F31A-B266-4E9E-8CC6-B04E90F0D1C7} = {71803846-FCAF-46F2-B639-466DC2E19CFF}
		{46D7061C-1FFD-46A4-BDFF-33B52586CC48} = {71803846-FCAF-46F2-B639-466DC2E19CFF}
		{931AEBEF-1B00-455A-B6B4-678EFD0987D5} = {71803846-FCAF-46F2-B639-466DC2E19CFF}
		{5AEEFCB8-FEE1-40F7-9DE2-94CAEC407A81} = {71803846-FCAF-46F2-B639-466DC2E19CFF}
		{3CF9E949-AA51-4DE4-8B8E-ADEDD37B4820} = {2EDA37FA-8291-4E11-B17E-A3628ABDEC9F}
		{C03B5DD4-B23A-4680-B71C-7539430BACC9} = {2EDA37FA-8291-4E11-B17E-A3628ABDEC9F}
		{3A42C4EE-FDAA-447B-A307-436E898E0449} = {2EDA37FA-8291-4E11-B17E-A3628ABDEC9F}
		{A0C49B8B-B1C1-411D-ACD5-7FB0733C08E2} = {2EDA37FA-8291-4E11-B17E-A3628ABDEC9F}
		{B0A71539-249A-499E-A936-ACC55029DECE} = {2EDA37FA-8291-4E11-B17E-A3628ABDEC9F}
	EndGlobalSection
	GlobalSection(TeamFoundationVersionControl) = preSolution
		SccNumberOfProjects = 23
		SccEnterpriseProvider = {4CA58AB2-18FA-4F8D-95D4-32DDF27D184C}
		SccTeamFoundationServer = https://udesonline.visualstudio.com/
		SccLocalPath0 = .
		SccProjectUniqueName1 = uDCS.GPSLibrary\\uDCS.GPSLibrary_NET45.csproj
		SccProjectName1 = uDCS.GPSLibrary
		SccLocalPath1 = uDCS.GPSLibrary
		SccProjectUniqueName2 = uLibraries.BasicClases\\uLibraries.BasicClasses_NET45.csproj
		SccProjectName2 = uLibraries.BasicClases
		SccLocalPath2 = uLibraries.BasicClases
		SccProjectUniqueName3 = uLibraries.DatabaseServices\\uLibraries.DatabaseServices_NET45.csproj
		SccProjectName3 = uLibraries.DatabaseServices
		SccLocalPath3 = uLibraries.DatabaseServices
		SccProjectUniqueName4 = uDCS.DEEngine\\uDCS.DEEngine_NET45.csproj
		SccProjectName4 = uDCS.DEEngine
		SccLocalPath4 = uDCS.DEEngine
		SccProjectUniqueName5 = uDCS.WpfDESEngine\\uDCS.WpfDESEngine_NET45.csproj
		SccProjectTopLevelParentUniqueName5 = uDCS\u0020V3.8\u0020VS2015.sln
		SccProjectName5 = uDCS.WpfDESEngine
		SccLocalPath5 = uDCS.WpfDESEngine
		SccProjectUniqueName6 = WebcamControl\\WebcamControl.vbproj
		SccProjectTopLevelParentUniqueName6 = uDCS\u0020V3.8\u0020VS2015.sln
		SccProjectName6 = WebcamControl
		SccLocalPath6 = WebcamControl
		SccProjectUniqueName7 = uDCS.WpfDESUtilities\\uDCS.WpfDESUtilities_NET45.csproj
		SccProjectTopLevelParentUniqueName7 = uDCS\u0020V3.8\u0020VS2015.sln
		SccProjectName7 = uDCS.WpfDESUtilities
		SccLocalPath7 = uDCS.WpfDESUtilities
		SccProjectUniqueName8 = uDCS.DXWpfDESMultimedia\\uDCS.DXWpfDESMultimedia_NET45.csproj
		SccProjectTopLevelParentUniqueName8 = uDCS\u0020V3.8\u0020VS2015.sln
		SccProjectName8 = uDCS.DXWpfDESMultimedia
		SccLocalPath8 = uDCS.DXWpfDESMultimedia
		SccProjectUniqueName9 = uDCS.DEEngine\\uDCS.DESEngine_AND41.csproj
		SccProjectTopLevelParentUniqueName9 = uDCS\u0020V3.8\u0020VS2015.sln
		SccProjectName9 = uDCS.DEEngine
		SccLocalPath9 = uDCS.DEEngine
		SccProjectUniqueName10 = uLibraries.BasicClases\\uLibraries.BasicClasses_AND41.csproj
		SccProjectTopLevelParentUniqueName10 = uDCS\u0020V3.8\u0020VS2015.sln
		SccProjectName10 = uLibraries.BasicClases
		SccLocalPath10 = uLibraries.BasicClases
		SccProjectUniqueName11 = uLibraries.DatabaseServices\\uLibraries.DatabaseServices_AND41.csproj
		SccProjectTopLevelParentUniqueName11 = uDCS\u0020V3.8\u0020VS2015.sln
		SccProjectName11 = uLibraries.DatabaseServices
		SccLocalPath11 = uLibraries.DatabaseServices
		SccProjectUniqueName12 = uDCS.GPSLibrary\\uDCS.GPSLibrary_AND41.csproj
		SccProjectTopLevelParentUniqueName12 = uDCS\u0020V3.8\u0020VS2015.sln
		SccProjectName12 = uDCS.GPSLibrary
		SccLocalPath12 = uDCS.GPSLibrary
		SccProjectUniqueName13 = uDCS.AndroidDESEngine\\uDCS.AndroidDESEngine_AND41.csproj
		SccProjectTopLevelParentUniqueName13 = uDCS\u0020V3.8\u0020VS2015.sln
		SccProjectName13 = uDCS.AndroidDESEngine
		SccLocalPath13 = uDCS.AndroidDESEngine
		SccProjectUniqueName14 = uDCS.AndroidDESMultimedia\\uDCS.AndroidDESMultimedia_AND41.csproj
		SccProjectTopLevelParentUniqueName14 = uDCS\u0020V3.8\u0020VS2015.sln
		SccProjectName14 = uDCS.AndroidDESMultimedia
		SccLocalPath14 = uDCS.AndroidDESMultimedia
		SccProjectUniqueName15 = uDCS.WebDESEngine\\uDCS.WebDESEngine_NET45.csproj
		SccProjectTopLevelParentUniqueName15 = uDCS\u0020V3.8\u0020VS2015.sln
		SccProjectName15 = uDCS.WebDESEngine
		SccLocalPath15 = uDCS.WebDESEngine
		SccProjectUniqueName16 = uDCS.WebDESUtilities\\uDCS.WebDESUtilities_NET45.csproj
		SccProjectTopLevelParentUniqueName16 = uDCS\u0020V3.8\u0020VS2015.sln
		SccProjectName16 = uDCS.WebDESUtilities
		SccLocalPath16 = uDCS.WebDESUtilities
		SccProjectUniqueName17 = uDCS.REPEngine\\uDCS.REPEngine_NET45.csproj
		SccProjectName17 = uDCS.REPEngine
		SccLocalPath17 = uDCS.REPEngine
		SccProjectUniqueName18 = uDCS.WebREPEngine\\uDCS.WebREPEngine_NET45.csproj
		SccProjectTopLevelParentUniqueName18 = uDCS\u0020V3.8\u0020VS2015.sln
		SccProjectName18 = uDCS.WebREPEngine
		SccLocalPath18 = uDCS.WebREPEngine
		SccProjectUniqueName19 = uDCS.WCFServiceLibrary\\uDCS.WCFServiceLibrary_NET45.csproj
		SccProjectTopLevelParentUniqueName19 = uDCS\u0020V3.8\u0020VS2015.sln
		SccProjectName19 = uDCS.WCFServiceLibrary
		SccLocalPath19 = uDCS.WCFServiceLibrary
		SccProjectUniqueName20 = uLibraries.Components\\uLibraries.Components_NET45.csproj
		SccProjectName20 = uLibraries.Components
		SccLocalPath20 = uLibraries.Components
		SccWebProject21 = true
		SccProjectUniqueName21 = uDCS.uDESCentral
		SccProjectTopLevelParentUniqueName21 = uDCS\u0020V3.8\u0020VS2015.sln
		SccProjectName21 = uDCS.uDESCentral
		SccLocalPath21 = uDCS.uDESCentral
		SccProjectEnlistmentChoice21 = 2
		SccProjectUniqueName22 = uDCS.DXWpfDESMultimedia-Setup\\uDCS.DXWpfDESMultimedia-Setup.isproj
		SccProjectTopLevelParentUniqueName22 = uDCS\u0020V3.8\u0020VS2015.sln
		SccProjectName22 = uDCS.DXWpfDESMultimedia-Setup
		SccLocalPath22 = uDCS.DXWpfDESMultimedia-Setup
	EndGlobalSection
EndGlobal
