
Microsoft Visual Studio Solution File, Format Version 11.00
# Visual Studio 2010
Project("{D2ABAB84-BF74-430A-B69E-9DC6D40DDA17}") = "MultidimensionalProject1", "MultidimensionalProject1\MultidimensionalProject1.dwproj", "{FACFF986-4955-4289-B9AD-304C22E7B631}"
EndProject
Global
	GlobalSection(SolutionConfigurationPlatforms) = preSolution
		Development|Default = Development|Default
	EndGlobalSection
	GlobalSection(ProjectConfigurationPlatforms) = postSolution
		{FACFF986-4955-4289-B9AD-304C22E7B631}.Development|Default.ActiveCfg = Development
		{FACFF986-4955-4289-B9AD-304C22E7B631}.Development|Default.Build.0 = Development
		{FACFF986-4955-4289-B9AD-304C22E7B631}.Development|Default.Deploy.0 = Development
	EndGlobalSection
	GlobalSection(SolutionProperties) = preSolution
		HideSolutionNode = FALSE
	EndGlobalSection
EndGlobal
