
Microsoft Visual Studio Solution File, Format Version 12.00
# Visual Studio 15
VisualStudioVersion = 15.0.28307.572
MinimumVisualStudioVersion = 10.0.40219.1
Project("{FAE04EC0-301F-11D3-BF4B-00C04F79EFBC}") = "App1.Android", "App1\App1.Android\App1.Android.csproj", "{D4944756-3B48-43F2-84A1-C56C9706FB66}"
EndProject
Project("{FAE04EC0-301F-11D3-BF4B-00C04F79EFBC}") = "App1.iOS", "App1\App1.iOS\App1.iOS.csproj", "{08562AEE-0B0A-480B-BA5C-BE7923CD4F63}"
EndProject
Project("{FAE04EC0-301F-11D3-BF4B-00C04F79EFBC}") = "App1.UWP", "App1\App1.UWP\App1.UWP.csproj", "{3B17BFFC-5A1E-4098-AB74-6D63AA3EE466}"
EndProject
Project("{FAE04EC0-301F-11D3-BF4B-00C04F79EFBC}") = "App1", "App1\App1\App1.csproj", "{F9A55A3E-6D8D-44E3-8164-0F4530DFD286}"
EndProject
Global
	GlobalSection(SolutionConfigurationPlatforms) = preSolution
		Ad-Hoc|Any CPU = Ad-Hoc|Any CPU
		Ad-Hoc|ARM = Ad-Hoc|ARM
		Ad-Hoc|iPhone = Ad-Hoc|iPhone
		Ad-Hoc|iPhoneSimulator = Ad-Hoc|iPhoneSimulator
		Ad-Hoc|x64 = Ad-Hoc|x64
		Ad-Hoc|x86 = Ad-Hoc|x86
		AppStore|Any CPU = AppStore|Any CPU
		AppStore|ARM = AppStore|ARM
		AppStore|iPhone = AppStore|iPhone
		AppStore|iPhoneSimulator = AppStore|iPhoneSimulator
		AppStore|x64 = AppStore|x64
		AppStore|x86 = AppStore|x86
		Debug|Any CPU = Debug|Any CPU
		Debug|ARM = Debug|ARM
		Debug|iPhone = Debug|iPhone
		Debug|iPhoneSimulator = Debug|iPhoneSimulator
		Debug|x64 = Debug|x64
		Debug|x86 = Debug|x86
		Release|Any CPU = Release|Any CPU
		Release|ARM = Release|ARM
		Release|iPhone = Release|iPhone
		Release|iPhoneSimulator = Release|iPhoneSimulator
		Release|x64 = Release|x64
		Release|x86 = Release|x86
	EndGlobalSection
	GlobalSection(ProjectConfigurationPlatforms) = postSolution
		{D4944756-3B48-43F2-84A1-C56C9706FB66}.Ad-Hoc|Any CPU.ActiveCfg = Release|Any CPU
		{D4944756-3B48-43F2-84A1-C56C9706FB66}.Ad-Hoc|Any CPU.Build.0 = Release|Any CPU
		{D4944756-3B48-43F2-84A1-C56C9706FB66}.Ad-Hoc|Any CPU.Deploy.0 = Release|Any CPU
		{D4944756-3B48-43F2-84A1-C56C9706FB66}.Ad-Hoc|ARM.ActiveCfg = Release|Any CPU
		{D4944756-3B48-43F2-84A1-C56C9706FB66}.Ad-Hoc|ARM.Build.0 = Release|Any CPU
		{D4944756-3B48-43F2-84A1-C56C9706FB66}.Ad-Hoc|ARM.Deploy.0 = Release|Any CPU
		{D4944756-3B48-43F2-84A1-C56C9706FB66}.Ad-Hoc|iPhone.ActiveCfg = Release|Any CPU
		{D4944756-3B48-43F2-84A1-C56C9706FB66}.Ad-Hoc|iPhone.Build.0 = Release|Any CPU
		{D4944756-3B48-43F2-84A1-C56C9706FB66}.Ad-Hoc|iPhone.Deploy.0 = Release|Any CPU
		{D4944756-3B48-43F2-84A1-C56C9706FB66}.Ad-Hoc|iPhoneSimulator.ActiveCfg = Release|Any CPU
		{D4944756-3B48-43F2-84A1-C56C9706FB66}.Ad-Hoc|iPhoneSimulator.Build.0 = Release|Any CPU
		{D4944756-3B48-43F2-84A1-C56C9706FB66}.Ad-Hoc|iPhoneSimulator.Deploy.0 = Release|Any CPU
		{D4944756-3B48-43F2-84A1-C56C9706FB66}.Ad-Hoc|x64.ActiveCfg = Release|Any CPU
		{D4944756-3B48-43F2-84A1-C56C9706FB66}.Ad-Hoc|x64.Build.0 = Release|Any CPU
		{D4944756-3B48-43F2-84A1-C56C9706FB66}.Ad-Hoc|x64.Deploy.0 = Release|Any CPU
		{D4944756-3B48-43F2-84A1-C56C9706FB66}.Ad-Hoc|x86.ActiveCfg = Release|Any CPU
		{D4944756-3B48-43F2-84A1-C56C9706FB66}.Ad-Hoc|x86.Build.0 = Release|Any CPU
		{D4944756-3B48-43F2-84A1-C56C9706FB66}.Ad-Hoc|x86.Deploy.0 = Release|Any CPU
		{D4944756-3B48-43F2-84A1-C56C9706FB66}.AppStore|Any CPU.ActiveCfg = Release|Any CPU
		{D4944756-3B48-43F2-84A1-C56C9706FB66}.AppStore|Any CPU.Build.0 = Release|Any CPU
		{D4944756-3B48-43F2-84A1-C56C9706FB66}.AppStore|Any CPU.Deploy.0 = Release|Any CPU
		{D4944756-3B48-43F2-84A1-C56C9706FB66}.AppStore|ARM.ActiveCfg = Release|Any CPU
		{D4944756-3B48-43F2-84A1-C56C9706FB66}.AppStore|ARM.Build.0 = Release|Any CPU
		{D4944756-3B48-43F2-84A1-C56C9706FB66}.AppStore|ARM.Deploy.0 = Release|Any CPU
		{D4944756-3B48-43F2-84A1-C56C9706FB66}.AppStore|iPhone.ActiveCfg = Release|Any CPU
		{D4944756-3B48-43F2-84A1-C56C9706FB66}.AppStore|iPhone.Build.0 = Release|Any CPU
		{D4944756-3B48-43F2-84A1-C56C9706FB66}.AppStore|iPhone.Deploy.0 = Release|Any CPU
		{D4944756-3B48-43F2-84A1-C56C9706FB66}.AppStore|iPhoneSimulator.ActiveCfg = Release|Any CPU
		{D4944756-3B48-43F2-84A1-C56C9706FB66}.AppStore|iPhoneSimulator.Build.0 = Release|Any CPU
		{D4944756-3B48-43F2-84A1-C56C9706FB66}.AppStore|iPhoneSimulator.Deploy.0 = Release|Any CPU
		{D4944756-3B48-43F2-84A1-C56C9706FB66}.AppStore|x64.ActiveCfg = Release|Any CPU
		{D4944756-3B48-43F2-84A1-C56C9706FB66}.AppStore|x64.Build.0 = Release|Any CPU
		{D4944756-3B48-43F2-84A1-C56C9706FB66}.AppStore|x64.Deploy.0 = Release|Any CPU
		{D4944756-3B48-43F2-84A1-C56C9706FB66}.AppStore|x86.ActiveCfg = Release|Any CPU
		{D4944756-3B48-43F2-84A1-C56C9706FB66}.AppStore|x86.Build.0 = Release|Any CPU
		{D4944756-3B48-43F2-84A1-C56C9706FB66}.AppStore|x86.Deploy.0 = Release|Any CPU
		{D4944756-3B48-43F2-84A1-C56C9706FB66}.Debug|Any CPU.ActiveCfg = Debug|Any CPU
		{D4944756-3B48-43F2-84A1-C56C9706FB66}.Debug|Any CPU.Build.0 = Debug|Any CPU
		{D4944756-3B48-43F2-84A1-C56C9706FB66}.Debug|Any CPU.Deploy.0 = Debug|Any CPU
		{D4944756-3B48-43F2-84A1-C56C9706FB66}.Debug|ARM.ActiveCfg = Debug|Any CPU
		{D4944756-3B48-43F2-84A1-C56C9706FB66}.Debug|ARM.Build.0 = Debug|Any CPU
		{D4944756-3B48-43F2-84A1-C56C9706FB66}.Debug|ARM.Deploy.0 = Debug|Any CPU
		{D4944756-3B48-43F2-84A1-C56C9706FB66}.Debug|iPhone.ActiveCfg = Debug|Any CPU
		{D4944756-3B48-43F2-84A1-C56C9706FB66}.Debug|iPhone.Build.0 = Debug|Any CPU
		{D4944756-3B48-43F2-84A1-C56C9706FB66}.Debug|iPhone.Deploy.0 = Debug|Any CPU
		{D4944756-3B48-43F2-84A1-C56C9706FB66}.Debug|iPhoneSimulator.ActiveCfg = Debug|Any CPU
		{D4944756-3B48-43F2-84A1-C56C9706FB66}.Debug|iPhoneSimulator.Build.0 = Debug|Any CPU
		{D4944756-3B48-43F2-84A1-C56C9706FB66}.Debug|iPhoneSimulator.Deploy.0 = Debug|Any CPU
		{D4944756-3B48-43F2-84A1-C56C9706FB66}.Debug|x64.ActiveCfg = Debug|Any CPU
		{D4944756-3B48-43F2-84A1-C56C9706FB66}.Debug|x64.Build.0 = Debug|Any CPU
		{D4944756-3B48-43F2-84A1-C56C9706FB66}.Debug|x64.Deploy.0 = Debug|Any CPU
		{D4944756-3B48-43F2-84A1-C56C9706FB66}.Debug|x86.ActiveCfg = Debug|Any CPU
		{D4944756-3B48-43F2-84A1-C56C9706FB66}.Debug|x86.Build.0 = Debug|Any CPU
		{D4944756-3B48-43F2-84A1-C56C9706FB66}.Debug|x86.Deploy.0 = Debug|Any CPU
		{D4944756-3B48-43F2-84A1-C56C9706FB66}.Release|Any CPU.ActiveCfg = Release|Any CPU
		{D4944756-3B48-43F2-84A1-C56C9706FB66}.Release|Any CPU.Build.0 = Release|Any CPU
		{D4944756-3B48-43F2-84A1-C56C9706FB66}.Release|Any CPU.Deploy.0 = Release|Any CPU
		{D4944756-3B48-43F2-84A1-C56C9706FB66}.Release|ARM.ActiveCfg = Release|Any CPU
		{D4944756-3B48-43F2-84A1-C56C9706FB66}.Release|ARM.Build.0 = Release|Any CPU
		{D4944756-3B48-43F2-84A1-C56C9706FB66}.Release|ARM.Deploy.0 = Release|Any CPU
		{D4944756-3B48-43F2-84A1-C56C9706FB66}.Release|iPhone.ActiveCfg = Release|Any CPU
		{D4944756-3B48-43F2-84A1-C56C9706FB66}.Release|iPhone.Build.0 = Release|Any CPU
		{D4944756-3B48-43F2-84A1-C56C9706FB66}.Release|iPhone.Deploy.0 = Release|Any CPU
		{D4944756-3B48-43F2-84A1-C56C9706FB66}.Release|iPhoneSimulator.ActiveCfg = Release|Any CPU
		{D4944756-3B48-43F2-84A1-C56C9706FB66}.Release|iPhoneSimulator.Build.0 = Release|Any CPU
		{D4944756-3B48-43F2-84A1-C56C9706FB66}.Release|iPhoneSimulator.Deploy.0 = Release|Any CPU
		{D4944756-3B48-43F2-84A1-C56C9706FB66}.Release|x64.ActiveCfg = Release|Any CPU
		{D4944756-3B48-43F2-84A1-C56C9706FB66}.Release|x64.Build.0 = Release|Any CPU
		{D4944756-3B48-43F2-84A1-C56C9706FB66}.Release|x64.Deploy.0 = Release|Any CPU
		{D4944756-3B48-43F2-84A1-C56C9706FB66}.Release|x86.ActiveCfg = Release|Any CPU
		{D4944756-3B48-43F2-84A1-C56C9706FB66}.Release|x86.Build.0 = Release|Any CPU
		{D4944756-3B48-43F2-84A1-C56C9706FB66}.Release|x86.Deploy.0 = Release|Any CPU
		{08562AEE-0B0A-480B-BA5C-BE7923CD4F63}.Ad-Hoc|Any CPU.ActiveCfg = Ad-Hoc|iPhone
		{08562AEE-0B0A-480B-BA5C-BE7923CD4F63}.Ad-Hoc|Any CPU.Build.0 = Ad-Hoc|iPhone
		{08562AEE-0B0A-480B-BA5C-BE7923CD4F63}.Ad-Hoc|Any CPU.Deploy.0 = Ad-Hoc|iPhone
		{08562AEE-0B0A-480B-BA5C-BE7923CD4F63}.Ad-Hoc|ARM.ActiveCfg = Ad-Hoc|iPhone
		{08562AEE-0B0A-480B-BA5C-BE7923CD4F63}.Ad-Hoc|ARM.Build.0 = Ad-Hoc|iPhone
		{08562AEE-0B0A-480B-BA5C-BE7923CD4F63}.Ad-Hoc|ARM.Deploy.0 = Ad-Hoc|iPhone
		{08562AEE-0B0A-480B-BA5C-BE7923CD4F63}.Ad-Hoc|iPhone.ActiveCfg = Ad-Hoc|iPhone
		{08562AEE-0B0A-480B-BA5C-BE7923CD4F63}.Ad-Hoc|iPhone.Build.0 = Ad-Hoc|iPhone
		{08562AEE-0B0A-480B-BA5C-BE7923CD4F63}.Ad-Hoc|iPhone.Deploy.0 = Ad-Hoc|iPhone
		{08562AEE-0B0A-480B-BA5C-BE7923CD4F63}.Ad-Hoc|iPhoneSimulator.ActiveCfg = Ad-Hoc|iPhoneSimulator
		{08562AEE-0B0A-480B-BA5C-BE7923CD4F63}.Ad-Hoc|iPhoneSimulator.Build.0 = Ad-Hoc|iPhoneSimulator
		{08562AEE-0B0A-480B-BA5C-BE7923CD4F63}.Ad-Hoc|iPhoneSimulator.Deploy.0 = Ad-Hoc|iPhoneSimulator
		{08562AEE-0B0A-480B-BA5C-BE7923CD4F63}.Ad-Hoc|x64.ActiveCfg = Ad-Hoc|iPhone
		{08562AEE-0B0A-480B-BA5C-BE7923CD4F63}.Ad-Hoc|x64.Build.0 = Ad-Hoc|iPhone
		{08562AEE-0B0A-480B-BA5C-BE7923CD4F63}.Ad-Hoc|x64.Deploy.0 = Ad-Hoc|iPhone
		{08562AEE-0B0A-480B-BA5C-BE7923CD4F63}.Ad-Hoc|x86.ActiveCfg = Ad-Hoc|iPhone
		{08562AEE-0B0A-480B-BA5C-BE7923CD4F63}.Ad-Hoc|x86.Build.0 = Ad-Hoc|iPhone
		{08562AEE-0B0A-480B-BA5C-BE7923CD4F63}.Ad-Hoc|x86.Deploy.0 = Ad-Hoc|iPhone
		{08562AEE-0B0A-480B-BA5C-BE7923CD4F63}.AppStore|Any CPU.ActiveCfg = AppStore|iPhone
		{08562AEE-0B0A-480B-BA5C-BE7923CD4F63}.AppStore|Any CPU.Build.0 = AppStore|iPhone
		{08562AEE-0B0A-480B-BA5C-BE7923CD4F63}.AppStore|Any CPU.Deploy.0 = AppStore|iPhone
		{08562AEE-0B0A-480B-BA5C-BE7923CD4F63}.AppStore|ARM.ActiveCfg = AppStore|iPhone
		{08562AEE-0B0A-480B-BA5C-BE7923CD4F63}.AppStore|ARM.Build.0 = AppStore|iPhone
		{08562AEE-0B0A-480B-BA5C-BE7923CD4F63}.AppStore|ARM.Deploy.0 = AppStore|iPhone
		{08562AEE-0B0A-480B-BA5C-BE7923CD4F63}.AppStore|iPhone.ActiveCfg = AppStore|iPhone
		{08562AEE-0B0A-480B-BA5C-BE7923CD4F63}.AppStore|iPhone.Build.0 = AppStore|iPhone
		{08562AEE-0B0A-480B-BA5C-BE7923CD4F63}.AppStore|iPhone.Deploy.0 = AppStore|iPhone
		{08562AEE-0B0A-480B-BA5C-BE7923CD4F63}.AppStore|iPhoneSimulator.ActiveCfg = AppStore|iPhoneSimulator
		{08562AEE-0B0A-480B-BA5C-BE7923CD4F63}.AppStore|iPhoneSimulator.Build.0 = AppStore|iPhoneSimulator
		{08562AEE-0B0A-480B-BA5C-BE7923CD4F63}.AppStore|iPhoneSimulator.Deploy.0 = AppStore|iPhoneSimulator
		{08562AEE-0B0A-480B-BA5C-BE7923CD4F63}.AppStore|x64.ActiveCfg = AppStore|iPhone
		{08562AEE-0B0A-480B-BA5C-BE7923CD4F63}.AppStore|x64.Build.0 = AppStore|iPhone
		{08562AEE-0B0A-480B-BA5C-BE7923CD4F63}.AppStore|x64.Deploy.0 = AppStore|iPhone
		{08562AEE-0B0A-480B-BA5C-BE7923CD4F63}.AppStore|x86.ActiveCfg = AppStore|iPhone
		{08562AEE-0B0A-480B-BA5C-BE7923CD4F63}.AppStore|x86.Build.0 = AppStore|iPhone
		{08562AEE-0B0A-480B-BA5C-BE7923CD4F63}.AppStore|x86.Deploy.0 = AppStore|iPhone
		{08562AEE-0B0A-480B-BA5C-BE7923CD4F63}.Debug|Any CPU.ActiveCfg = Debug|iPhoneSimulator
		{08562AEE-0B0A-480B-BA5C-BE7923CD4F63}.Debug|Any CPU.Build.0 = Debug|iPhoneSimulator
		{08562AEE-0B0A-480B-BA5C-BE7923CD4F63}.Debug|Any CPU.Deploy.0 = Debug|iPhoneSimulator
		{08562AEE-0B0A-480B-BA5C-BE7923CD4F63}.Debug|ARM.ActiveCfg = Debug|iPhone
		{08562AEE-0B0A-480B-BA5C-BE7923CD4F63}.Debug|ARM.Build.0 = Debug|iPhone
		{08562AEE-0B0A-480B-BA5C-BE7923CD4F63}.Debug|ARM.Deploy.0 = Debug|iPhone
		{08562AEE-0B0A-480B-BA5C-BE7923CD4F63}.Debug|iPhone.ActiveCfg = Debug|iPhone
		{08562AEE-0B0A-480B-BA5C-BE7923CD4F63}.Debug|iPhone.Build.0 = Debug|iPhone
		{08562AEE-0B0A-480B-BA5C-BE7923CD4F63}.Debug|iPhone.Deploy.0 = Debug|iPhone
		{08562AEE-0B0A-480B-BA5C-BE7923CD4F63}.Debug|iPhoneSimulator.ActiveCfg = Debug|iPhoneSimulator
		{08562AEE-0B0A-480B-BA5C-BE7923CD4F63}.Debug|iPhoneSimulator.Build.0 = Debug|iPhoneSimulator
		{08562AEE-0B0A-480B-BA5C-BE7923CD4F63}.Debug|iPhoneSimulator.Deploy.0 = Debug|iPhoneSimulator
		{08562AEE-0B0A-480B-BA5C-BE7923CD4F63}.Debug|x64.ActiveCfg = Debug|iPhone
		{08562AEE-0B0A-480B-BA5C-BE7923CD4F63}.Debug|x64.Build.0 = Debug|iPhone
		{08562AEE-0B0A-480B-BA5C-BE7923CD4F63}.Debug|x64.Deploy.0 = Debug|iPhone
		{08562AEE-0B0A-480B-BA5C-BE7923CD4F63}.Debug|x86.ActiveCfg = Debug|iPhone
		{08562AEE-0B0A-480B-BA5C-BE7923CD4F63}.Debug|x86.Build.0 = Debug|iPhone
		{08562AEE-0B0A-480B-BA5C-BE7923CD4F63}.Debug|x86.Deploy.0 = Debug|iPhone
		{08562AEE-0B0A-480B-BA5C-BE7923CD4F63}.Release|Any CPU.ActiveCfg = Release|iPhone
		{08562AEE-0B0A-480B-BA5C-BE7923CD4F63}.Release|Any CPU.Build.0 = Release|iPhone
		{08562AEE-0B0A-480B-BA5C-BE7923CD4F63}.Release|Any CPU.Deploy.0 = Release|iPhone
		{08562AEE-0B0A-480B-BA5C-BE7923CD4F63}.Release|ARM.ActiveCfg = Release|iPhone
		{08562AEE-0B0A-480B-BA5C-BE7923CD4F63}.Release|ARM.Build.0 = Release|iPhone
		{08562AEE-0B0A-480B-BA5C-BE7923CD4F63}.Release|ARM.Deploy.0 = Release|iPhone
		{08562AEE-0B0A-480B-BA5C-BE7923CD4F63}.Release|iPhone.ActiveCfg = Release|iPhone
		{08562AEE-0B0A-480B-BA5C-BE7923CD4F63}.Release|iPhone.Build.0 = Release|iPhone
		{08562AEE-0B0A-480B-BA5C-BE7923CD4F63}.Release|iPhone.Deploy.0 = Release|iPhone
		{08562AEE-0B0A-480B-BA5C-BE7923CD4F63}.Release|iPhoneSimulator.ActiveCfg = Release|iPhoneSimulator
		{08562AEE-0B0A-480B-BA5C-BE7923CD4F63}.Release|iPhoneSimulator.Build.0 = Release|iPhoneSimulator
		{08562AEE-0B0A-480B-BA5C-BE7923CD4F63}.Release|iPhoneSimulator.Deploy.0 = Release|iPhoneSimulator
		{08562AEE-0B0A-480B-BA5C-BE7923CD4F63}.Release|x64.ActiveCfg = Release|iPhone
		{08562AEE-0B0A-480B-BA5C-BE7923CD4F63}.Release|x64.Build.0 = Release|iPhone
		{08562AEE-0B0A-480B-BA5C-BE7923CD4F63}.Release|x64.Deploy.0 = Release|iPhone
		{08562AEE-0B0A-480B-BA5C-BE7923CD4F63}.Release|x86.ActiveCfg = Release|iPhone
		{08562AEE-0B0A-480B-BA5C-BE7923CD4F63}.Release|x86.Build.0 = Release|iPhone
		{08562AEE-0B0A-480B-BA5C-BE7923CD4F63}.Release|x86.Deploy.0 = Release|iPhone
		{3B17BFFC-5A1E-4098-AB74-6D63AA3EE466}.Ad-Hoc|Any CPU.ActiveCfg = Release|x86
		{3B17BFFC-5A1E-4098-AB74-6D63AA3EE466}.Ad-Hoc|Any CPU.Build.0 = Release|x86
		{3B17BFFC-5A1E-4098-AB74-6D63AA3EE466}.Ad-Hoc|Any CPU.Deploy.0 = Release|x86
		{3B17BFFC-5A1E-4098-AB74-6D63AA3EE466}.Ad-Hoc|ARM.ActiveCfg = Release|ARM
		{3B17BFFC-5A1E-4098-AB74-6D63AA3EE466}.Ad-Hoc|ARM.Build.0 = Release|ARM
		{3B17BFFC-5A1E-4098-AB74-6D63AA3EE466}.Ad-Hoc|ARM.Deploy.0 = Release|ARM
		{3B17BFFC-5A1E-4098-AB74-6D63AA3EE466}.Ad-Hoc|iPhone.ActiveCfg = Release|x86
		{3B17BFFC-5A1E-4098-AB74-6D63AA3EE466}.Ad-Hoc|iPhone.Build.0 = Release|x86
		{3B17BFFC-5A1E-4098-AB74-6D63AA3EE466}.Ad-Hoc|iPhone.Deploy.0 = Release|x86
		{3B17BFFC-5A1E-4098-AB74-6D63AA3EE466}.Ad-Hoc|iPhoneSimulator.ActiveCfg = Release|x86
		{3B17BFFC-5A1E-4098-AB74-6D63AA3EE466}.Ad-Hoc|iPhoneSimulator.Build.0 = Release|x86
		{3B17BFFC-5A1E-4098-AB74-6D63AA3EE466}.Ad-Hoc|iPhoneSimulator.Deploy.0 = Release|x86
		{3B17BFFC-5A1E-4098-AB74-6D63AA3EE466}.Ad-Hoc|x64.ActiveCfg = Release|x64
		{3B17BFFC-5A1E-4098-AB74-6D63AA3EE466}.Ad-Hoc|x64.Build.0 = Release|x64
		{3B17BFFC-5A1E-4098-AB74-6D63AA3EE466}.Ad-Hoc|x64.Deploy.0 = Release|x64
		{3B17BFFC-5A1E-4098-AB74-6D63AA3EE466}.Ad-Hoc|x86.ActiveCfg = Release|x86
		{3B17BFFC-5A1E-4098-AB74-6D63AA3EE466}.Ad-Hoc|x86.Build.0 = Release|x86
		{3B17BFFC-5A1E-4098-AB74-6D63AA3EE466}.Ad-Hoc|x86.Deploy.0 = Release|x86
		{3B17BFFC-5A1E-4098-AB74-6D63AA3EE466}.AppStore|Any CPU.ActiveCfg = Release|x86
		{3B17BFFC-5A1E-4098-AB74-6D63AA3EE466}.AppStore|Any CPU.Build.0 = Release|x86
		{3B17BFFC-5A1E-4098-AB74-6D63AA3EE466}.AppStore|Any CPU.Deploy.0 = Release|x86
		{3B17BFFC-5A1E-4098-AB74-6D63AA3EE466}.AppStore|ARM.ActiveCfg = Release|ARM
		{3B17BFFC-5A1E-4098-AB74-6D63AA3EE466}.AppStore|ARM.Build.0 = Release|ARM
		{3B17BFFC-5A1E-4098-AB74-6D63AA3EE466}.AppStore|ARM.Deploy.0 = Release|ARM
		{3B17BFFC-5A1E-4098-AB74-6D63AA3EE466}.AppStore|iPhone.ActiveCfg = Release|x86
		{3B17BFFC-5A1E-4098-AB74-6D63AA3EE466}.AppStore|iPhone.Build.0 = Release|x86
		{3B17BFFC-5A1E-4098-AB74-6D63AA3EE466}.AppStore|iPhone.Deploy.0 = Release|x86
		{3B17BFFC-5A1E-4098-AB74-6D63AA3EE466}.AppStore|iPhoneSimulator.ActiveCfg = Release|x86
		{3B17BFFC-5A1E-4098-AB74-6D63AA3EE466}.AppStore|iPhoneSimulator.Build.0 = Release|x86
		{3B17BFFC-5A1E-4098-AB74-6D63AA3EE466}.AppStore|iPhoneSimulator.Deploy.0 = Release|x86
		{3B17BFFC-5A1E-4098-AB74-6D63AA3EE466}.AppStore|x64.ActiveCfg = Release|x64
		{3B17BFFC-5A1E-4098-AB74-6D63AA3EE466}.AppStore|x64.Build.0 = Release|x64
		{3B17BFFC-5A1E-4098-AB74-6D63AA3EE466}.AppStore|x64.Deploy.0 = Release|x64
		{3B17BFFC-5A1E-4098-AB74-6D63AA3EE466}.AppStore|x86.ActiveCfg = Release|x86
		{3B17BFFC-5A1E-4098-AB74-6D63AA3EE466}.AppStore|x86.Build.0 = Release|x86
		{3B17BFFC-5A1E-4098-AB74-6D63AA3EE466}.AppStore|x86.Deploy.0 = Release|x86
		{3B17BFFC-5A1E-4098-AB74-6D63AA3EE466}.Debug|Any CPU.ActiveCfg = Debug|x86
		{3B17BFFC-5A1E-4098-AB74-6D63AA3EE466}.Debug|Any CPU.Build.0 = Debug|x86
		{3B17BFFC-5A1E-4098-AB74-6D63AA3EE466}.Debug|Any CPU.Deploy.0 = Debug|x86
		{3B17BFFC-5A1E-4098-AB74-6D63AA3EE466}.Debug|ARM.ActiveCfg = Debug|ARM
		{3B17BFFC-5A1E-4098-AB74-6D63AA3EE466}.Debug|ARM.Build.0 = Debug|ARM
		{3B17BFFC-5A1E-4098-AB74-6D63AA3EE466}.Debug|ARM.Deploy.0 = Debug|ARM
		{3B17BFFC-5A1E-4098-AB74-6D63AA3EE466}.Debug|iPhone.ActiveCfg = Debug|x86
		{3B17BFFC-5A1E-4098-AB74-6D63AA3EE466}.Debug|iPhone.Build.0 = Debug|x86
		{3B17BFFC-5A1E-4098-AB74-6D63AA3EE466}.Debug|iPhone.Deploy.0 = Debug|x86
		{3B17BFFC-5A1E-4098-AB74-6D63AA3EE466}.Debug|iPhoneSimulator.ActiveCfg = Debug|x86
		{3B17BFFC-5A1E-4098-AB74-6D63AA3EE466}.Debug|iPhoneSimulator.Build.0 = Debug|x86
		{3B17BFFC-5A1E-4098-AB74-6D63AA3EE466}.Debug|iPhoneSimulator.Deploy.0 = Debug|x86
		{3B17BFFC-5A1E-4098-AB74-6D63AA3EE466}.Debug|x64.ActiveCfg = Debug|x64
		{3B17BFFC-5A1E-4098-AB74-6D63AA3EE466}.Debug|x64.Build.0 = Debug|x64
		{3B17BFFC-5A1E-4098-AB74-6D63AA3EE466}.Debug|x64.Deploy.0 = Debug|x64
		{3B17BFFC-5A1E-4098-AB74-6D63AA3EE466}.Debug|x86.ActiveCfg = Debug|x86
		{3B17BFFC-5A1E-4098-AB74-6D63AA3EE466}.Debug|x86.Build.0 = Debug|x86
		{3B17BFFC-5A1E-4098-AB74-6D63AA3EE466}.Debug|x86.Deploy.0 = Debug|x86
		{3B17BFFC-5A1E-4098-AB74-6D63AA3EE466}.Release|Any CPU.ActiveCfg = Release|x86
		{3B17BFFC-5A1E-4098-AB74-6D63AA3EE466}.Release|Any CPU.Build.0 = Release|x86
		{3B17BFFC-5A1E-4098-AB74-6D63AA3EE466}.Release|Any CPU.Deploy.0 = Release|x86
		{3B17BFFC-5A1E-4098-AB74-6D63AA3EE466}.Release|ARM.ActiveCfg = Release|ARM
		{3B17BFFC-5A1E-4098-AB74-6D63AA3EE466}.Release|ARM.Build.0 = Release|ARM
		{3B17BFFC-5A1E-4098-AB74-6D63AA3EE466}.Release|ARM.Deploy.0 = Release|ARM
		{3B17BFFC-5A1E-4098-AB74-6D63AA3EE466}.Release|iPhone.ActiveCfg = Release|x86
		{3B17BFFC-5A1E-4098-AB74-6D63AA3EE466}.Release|iPhone.Build.0 = Release|x86
		{3B17BFFC-5A1E-4098-AB74-6D63AA3EE466}.Release|iPhone.Deploy.0 = Release|x86
		{3B17BFFC-5A1E-4098-AB74-6D63AA3EE466}.Release|iPhoneSimulator.ActiveCfg = Release|x86
		{3B17BFFC-5A1E-4098-AB74-6D63AA3EE466}.Release|iPhoneSimulator.Build.0 = Release|x86
		{3B17BFFC-5A1E-4098-AB74-6D63AA3EE466}.Release|iPhoneSimulator.Deploy.0 = Release|x86
		{3B17BFFC-5A1E-4098-AB74-6D63AA3EE466}.Release|x64.ActiveCfg = Release|x64
		{3B17BFFC-5A1E-4098-AB74-6D63AA3EE466}.Release|x64.Build.0 = Release|x64
		{3B17BFFC-5A1E-4098-AB74-6D63AA3EE466}.Release|x64.Deploy.0 = Release|x64
		{3B17BFFC-5A1E-4098-AB74-6D63AA3EE466}.Release|x86.ActiveCfg = Release|x86
		{3B17BFFC-5A1E-4098-AB74-6D63AA3EE466}.Release|x86.Build.0 = Release|x86
		{3B17BFFC-5A1E-4098-AB74-6D63AA3EE466}.Release|x86.Deploy.0 = Release|x86
		{F9A55A3E-6D8D-44E3-8164-0F4530DFD286}.Ad-Hoc|Any CPU.ActiveCfg = Debug|Any CPU
		{F9A55A3E-6D8D-44E3-8164-0F4530DFD286}.Ad-Hoc|Any CPU.Build.0 = Debug|Any CPU
		{F9A55A3E-6D8D-44E3-8164-0F4530DFD286}.Ad-Hoc|Any CPU.Deploy.0 = Debug|Any CPU
		{F9A55A3E-6D8D-44E3-8164-0F4530DFD286}.Ad-Hoc|ARM.ActiveCfg = Debug|Any CPU
		{F9A55A3E-6D8D-44E3-8164-0F4530DFD286}.Ad-Hoc|ARM.Build.0 = Debug|Any CPU
		{F9A55A3E-6D8D-44E3-8164-0F4530DFD286}.Ad-Hoc|ARM.Deploy.0 = Debug|Any CPU
		{F9A55A3E-6D8D-44E3-8164-0F4530DFD286}.Ad-Hoc|iPhone.ActiveCfg = Debug|Any CPU
		{F9A55A3E-6D8D-44E3-8164-0F4530DFD286}.Ad-Hoc|iPhone.Build.0 = Debug|Any CPU
		{F9A55A3E-6D8D-44E3-8164-0F4530DFD286}.Ad-Hoc|iPhone.Deploy.0 = Debug|Any CPU
		{F9A55A3E-6D8D-44E3-8164-0F4530DFD286}.Ad-Hoc|iPhoneSimulator.ActiveCfg = Debug|Any CPU
		{F9A55A3E-6D8D-44E3-8164-0F4530DFD286}.Ad-Hoc|iPhoneSimulator.Build.0 = Debug|Any CPU
		{F9A55A3E-6D8D-44E3-8164-0F4530DFD286}.Ad-Hoc|iPhoneSimulator.Deploy.0 = Debug|Any CPU
		{F9A55A3E-6D8D-44E3-8164-0F4530DFD286}.Ad-Hoc|x64.ActiveCfg = Debug|Any CPU
		{F9A55A3E-6D8D-44E3-8164-0F4530DFD286}.Ad-Hoc|x64.Build.0 = Debug|Any CPU
		{F9A55A3E-6D8D-44E3-8164-0F4530DFD286}.Ad-Hoc|x64.Deploy.0 = Debug|Any CPU
		{F9A55A3E-6D8D-44E3-8164-0F4530DFD286}.Ad-Hoc|x86.ActiveCfg = Debug|Any CPU
		{F9A55A3E-6D8D-44E3-8164-0F4530DFD286}.Ad-Hoc|x86.Build.0 = Debug|Any CPU
		{F9A55A3E-6D8D-44E3-8164-0F4530DFD286}.Ad-Hoc|x86.Deploy.0 = Debug|Any CPU
		{F9A55A3E-6D8D-44E3-8164-0F4530DFD286}.AppStore|Any CPU.ActiveCfg = Debug|Any CPU
		{F9A55A3E-6D8D-44E3-8164-0F4530DFD286}.AppStore|Any CPU.Build.0 = Debug|Any CPU
		{F9A55A3E-6D8D-44E3-8164-0F4530DFD286}.AppStore|Any CPU.Deploy.0 = Debug|Any CPU
		{F9A55A3E-6D8D-44E3-8164-0F4530DFD286}.AppStore|ARM.ActiveCfg = Debug|Any CPU
		{F9A55A3E-6D8D-44E3-8164-0F4530DFD286}.AppStore|ARM.Build.0 = Debug|Any CPU
		{F9A55A3E-6D8D-44E3-8164-0F4530DFD286}.AppStore|ARM.Deploy.0 = Debug|Any CPU
		{F9A55A3E-6D8D-44E3-8164-0F4530DFD286}.AppStore|iPhone.ActiveCfg = Debug|Any CPU
		{F9A55A3E-6D8D-44E3-8164-0F4530DFD286}.AppStore|iPhone.Build.0 = Debug|Any CPU
		{F9A55A3E-6D8D-44E3-8164-0F4530DFD286}.AppStore|iPhone.Deploy.0 = Debug|Any CPU
		{F9A55A3E-6D8D-44E3-8164-0F4530DFD286}.AppStore|iPhoneSimulator.ActiveCfg = Debug|Any CPU
		{F9A55A3E-6D8D-44E3-8164-0F4530DFD286}.AppStore|iPhoneSimulator.Build.0 = Debug|Any CPU
		{F9A55A3E-6D8D-44E3-8164-0F4530DFD286}.AppStore|iPhoneSimulator.Deploy.0 = Debug|Any CPU
		{F9A55A3E-6D8D-44E3-8164-0F4530DFD286}.AppStore|x64.ActiveCfg = Debug|Any CPU
		{F9A55A3E-6D8D-44E3-8164-0F4530DFD286}.AppStore|x64.Build.0 = Debug|Any CPU
		{F9A55A3E-6D8D-44E3-8164-0F4530DFD286}.AppStore|x64.Deploy.0 = Debug|Any CPU
		{F9A55A3E-6D8D-44E3-8164-0F4530DFD286}.AppStore|x86.ActiveCfg = Debug|Any CPU
		{F9A55A3E-6D8D-44E3-8164-0F4530DFD286}.AppStore|x86.Build.0 = Debug|Any CPU
		{F9A55A3E-6D8D-44E3-8164-0F4530DFD286}.AppStore|x86.Deploy.0 = Debug|Any CPU
		{F9A55A3E-6D8D-44E3-8164-0F4530DFD286}.Debug|Any CPU.ActiveCfg = Debug|Any CPU
		{F9A55A3E-6D8D-44E3-8164-0F4530DFD286}.Debug|Any CPU.Build.0 = Debug|Any CPU
		{F9A55A3E-6D8D-44E3-8164-0F4530DFD286}.Debug|Any CPU.Deploy.0 = Debug|Any CPU
		{F9A55A3E-6D8D-44E3-8164-0F4530DFD286}.Debug|ARM.ActiveCfg = Debug|Any CPU
		{F9A55A3E-6D8D-44E3-8164-0F4530DFD286}.Debug|ARM.Build.0 = Debug|Any CPU
		{F9A55A3E-6D8D-44E3-8164-0F4530DFD286}.Debug|ARM.Deploy.0 = Debug|Any CPU
		{F9A55A3E-6D8D-44E3-8164-0F4530DFD286}.Debug|iPhone.ActiveCfg = Debug|Any CPU
		{F9A55A3E-6D8D-44E3-8164-0F4530DFD286}.Debug|iPhone.Build.0 = Debug|Any CPU
		{F9A55A3E-6D8D-44E3-8164-0F4530DFD286}.Debug|iPhone.Deploy.0 = Debug|Any CPU
		{F9A55A3E-6D8D-44E3-8164-0F4530DFD286}.Debug|iPhoneSimulator.ActiveCfg = Debug|Any CPU
		{F9A55A3E-6D8D-44E3-8164-0F4530DFD286}.Debug|iPhoneSimulator.Build.0 = Debug|Any CPU
		{F9A55A3E-6D8D-44E3-8164-0F4530DFD286}.Debug|iPhoneSimulator.Deploy.0 = Debug|Any CPU
		{F9A55A3E-6D8D-44E3-8164-0F4530DFD286}.Debug|x64.ActiveCfg = Debug|Any CPU
		{F9A55A3E-6D8D-44E3-8164-0F4530DFD286}.Debug|x64.Build.0 = Debug|Any CPU
		{F9A55A3E-6D8D-44E3-8164-0F4530DFD286}.Debug|x64.Deploy.0 = Debug|Any CPU
		{F9A55A3E-6D8D-44E3-8164-0F4530DFD286}.Debug|x86.ActiveCfg = Debug|Any CPU
		{F9A55A3E-6D8D-44E3-8164-0F4530DFD286}.Debug|x86.Build.0 = Debug|Any CPU
		{F9A55A3E-6D8D-44E3-8164-0F4530DFD286}.Debug|x86.Deploy.0 = Debug|Any CPU
		{F9A55A3E-6D8D-44E3-8164-0F4530DFD286}.Release|Any CPU.ActiveCfg = Release|Any CPU
		{F9A55A3E-6D8D-44E3-8164-0F4530DFD286}.Release|Any CPU.Build.0 = Release|Any CPU
		{F9A55A3E-6D8D-44E3-8164-0F4530DFD286}.Release|Any CPU.Deploy.0 = Release|Any CPU
		{F9A55A3E-6D8D-44E3-8164-0F4530DFD286}.Release|ARM.ActiveCfg = Release|Any CPU
		{F9A55A3E-6D8D-44E3-8164-0F4530DFD286}.Release|ARM.Build.0 = Release|Any CPU
		{F9A55A3E-6D8D-44E3-8164-0F4530DFD286}.Release|ARM.Deploy.0 = Release|Any CPU
		{F9A55A3E-6D8D-44E3-8164-0F4530DFD286}.Release|iPhone.ActiveCfg = Release|Any CPU
		{F9A55A3E-6D8D-44E3-8164-0F4530DFD286}.Release|iPhone.Build.0 = Release|Any CPU
		{F9A55A3E-6D8D-44E3-8164-0F4530DFD286}.Release|iPhone.Deploy.0 = Release|Any CPU
		{F9A55A3E-6D8D-44E3-8164-0F4530DFD286}.Release|iPhoneSimulator.ActiveCfg = Release|Any CPU
		{F9A55A3E-6D8D-44E3-8164-0F4530DFD286}.Release|iPhoneSimulator.Build.0 = Release|Any CPU
		{F9A55A3E-6D8D-44E3-8164-0F4530DFD286}.Release|iPhoneSimulator.Deploy.0 = Release|Any CPU
		{F9A55A3E-6D8D-44E3-8164-0F4530DFD286}.Release|x64.ActiveCfg = Release|Any CPU
		{F9A55A3E-6D8D-44E3-8164-0F4530DFD286}.Release|x64.Build.0 = Release|Any CPU
		{F9A55A3E-6D8D-44E3-8164-0F4530DFD286}.Release|x64.Deploy.0 = Release|Any CPU
		{F9A55A3E-6D8D-44E3-8164-0F4530DFD286}.Release|x86.ActiveCfg = Release|Any CPU
		{F9A55A3E-6D8D-44E3-8164-0F4530DFD286}.Release|x86.Build.0 = Release|Any CPU
		{F9A55A3E-6D8D-44E3-8164-0F4530DFD286}.Release|x86.Deploy.0 = Release|Any CPU
	EndGlobalSection
	GlobalSection(SolutionProperties) = preSolution
		HideSolutionNode = FALSE
	EndGlobalSection
	GlobalSection(ExtensibilityGlobals) = postSolution
		SolutionGuid = {0129C51A-426A-4A36-A670-F7B0C2D64332}
	EndGlobalSection
EndGlobal
